{
  "object": {
    "pins": [
      {
        "package": "CashCore",
        "repositoryURL": "https://github.com/atmcoin/cash-sdk-ios.git",
        "state": {
          "branch": null,
          "revision": "56572504411579615448fdd9f06c432397756271",
          "version": "5.1.1"
        }
      },
      {
        "package": "CashUI",
        "repositoryURL": "https://github.com/atmcoin/cash-ui-ios.git",
        "state": {
          "branch": null,
          "revision": "eb382c6a086273a402563773420899577a0ac183",
          "version": "5.1.9"
        }
      },
      {
        "package": "CoinGecko",
        "repositoryURL": "https://github.com/breadwallet/coingecko",
        "state": {
          "branch": null,
          "revision": "c46a8fd0ea9752e465006d477553bf0c5a78c931",
          "version": "1.0.2"
        }
      }
    ]
  },
  "version": 1
}
