{
  "object": {
    "pins": [
      {
        "package": "CashCore",
        "repositoryURL": "https://github.com/atmcoin/cash-sdk-ios.git",
        "state": {
          "branch": null,
          "revision": "1dbf8dcefccb1708c67af4211d34430fb404ff26",
          "version": "4.1.0"
        }
      },
      {
        "package": "CashUI",
        "repositoryURL": "https://github.com/atmcoin/cash-ui-ios.git",
        "state": {
          "branch": null,
          "revision": "beea2a4bb49fdf5e9d040febd573a262efb91b84",
          "version": "4.4.7"
        }
      },
      {
        "package": "CoinGecko",
        "repositoryURL": "https://github.com/breadwallet/coingecko",
        "state": {
          "branch": null,
          "revision": "c46a8fd0ea9752e465006d477553bf0c5a78c931",
          "version": "1.0.2"
        }
      }
    ]
  },
  "version": 1
}
