<?xml version="1.0" encoding="UTF-8"?>
<Scheme
   LastUpgradeVersion = "1010"
   version = "1.3">
   <BuildAction
      parallelizeBuildables = "YES"
      buildImplicitDependencies = "YES">
      <BuildActionEntries>
         <BuildActionEntry
            buildForTesting = "YES"
            buildForRunning = "YES"
            buildForProfiling = "YES"
            buildForArchiving = "YES"
            buildForAnalyzing = "YES">
            <BuildableReference
               BuildableIdentifier = "primary"
               BlueprintIdentifier = "75A2A7B71DA5934300A983D8"
               BuildableName = "loafwallet WatchKit App.app"
               BlueprintName = "loafwallet WatchKit App"
               ReferencedContainer = "container:loafwallet.xcodeproj">
            </BuildableReference>
         </BuildActionEntry>
         <BuildActionEntry
            buildForTesting = "YES"
            buildForRunning = "YES"
            buildForProfiling = "YES"
            buildForArchiving = "YES"
            buildForAnalyzing = "YES">
            <BuildableReference
               BuildableIdentifier = "primary"
               BlueprintIdentifier = "75A2A78F1DA5934300A983D8"
               BuildableName = "Litewallet.app"
               BlueprintName = "loafwallet"
               ReferencedContainer = "container:loafwallet.xcodeproj">
            </BuildableReference>
         </BuildActionEntry>
      </BuildActionEntries>
   </BuildAction>
   <TestAction
      buildConfiguration = "Debug"
      selectedDebuggerIdentifier = "Xcode.DebuggerFoundation.Debugger.LLDB"
      selectedLauncherIdentifier = "Xcode.DebuggerFoundation.Launcher.LLDB"
      shouldUseLaunchSchemeArgsEnv = "YES">
      <MacroExpansion>
         <BuildableReference
            BuildableIdentifier = "primary"
            BlueprintIdentifier = "75A2A7B71DA5934300A983D8"
            BuildableName = "loafwallet WatchKit App.app"
            BlueprintName = "loafwallet WatchKit App"
            ReferencedContainer = "container:loafwallet.xcodeproj">
         </BuildableReference>
      </MacroExpansion>
      <Testables>
         <TestableReference
            skipped = "NO">
            <BuildableReference
               BuildableIdentifier = "primary"
               BlueprintIdentifier = "2465870523A496CD00A32E9E"
               BuildableName = "LitewalletUITests.xctest"
               BlueprintName = "LitewalletUITests"
               ReferencedContainer = "container:loafwallet.xcodeproj">
            </BuildableReference>
         </TestableReference>
         <TestableReference
            skipped = "NO">
            <BuildableReference
               BuildableIdentifier = "primary"
               BlueprintIdentifier = "2465871523A496D400A32E9E"
               BuildableName = "LitewalletTests.xctest"
               BlueprintName = "LitewalletTests"
               ReferencedContainer = "container:loafwallet.xcodeproj">
            </BuildableReference>
         </TestableReference>
         <TestableReference
            skipped = "NO">
            <BuildableReference
               BuildableIdentifier = "primary"
               BlueprintIdentifier = "24470E1223A5D7C800ADDA27"
               BuildableName = "MainNavigationIUITests.xctest"
               BlueprintName = "MainNavigationIUITests"
               ReferencedContainer = "container:loafwallet.xcodeproj">
            </BuildableReference>
         </TestableReference>
      </Testables>
   </TestAction>
   <LaunchAction
      buildConfiguration = "Debug"
      selectedDebuggerIdentifier = "Xcode.DebuggerFoundation.Debugger.LLDB"
      selectedLauncherIdentifier = "Xcode.DebuggerFoundation.Launcher.LLDB"
      launchStyle = "0"
      useCustomWorkingDirectory = "NO"
      ignoresPersistentStateOnLaunch = "NO"
      debugDocumentVersioning = "YES"
      debugServiceExtension = "internal"
      allowLocationSimulation = "YES">
      <RemoteRunnable
         runnableDebuggingMode = "2"
         BundleIdentifier = "com.apple.Carousel"
         RemotePath = "/Litewallet">
         <BuildableReference
            BuildableIdentifier = "primary"
            BlueprintIdentifier = "75A2A7B71DA5934300A983D8"
            BuildableName = "loafwallet WatchKit App.app"
            BlueprintName = "loafwallet WatchKit App"
            ReferencedContainer = "container:loafwallet.xcodeproj">
         </BuildableReference>
      </RemoteRunnable>
   </LaunchAction>
   <ProfileAction
      buildConfiguration = "Release"
      shouldUseLaunchSchemeArgsEnv = "YES"
      savedToolIdentifier = ""
      useCustomWorkingDirectory = "NO"
      debugDocumentVersioning = "YES">
      <RemoteRunnable
         runnableDebuggingMode = "2"
         BundleIdentifier = "com.apple.Carousel"
         RemotePath = "/Litewallet">
         <BuildableReference
            BuildableIdentifier = "primary"
            BlueprintIdentifier = "75A2A7B71DA5934300A983D8"
            BuildableName = "loafwallet WatchKit App.app"
            BlueprintName = "loafwallet WatchKit App"
            ReferencedContainer = "container:loafwallet.xcodeproj">
         </BuildableReference>
      </RemoteRunnable>
      <MacroExpansion>
         <BuildableReference
            BuildableIdentifier = "primary"
            BlueprintIdentifier = "75A2A7B71DA5934300A983D8"
            BuildableName = "loafwallet WatchKit App.app"
            BlueprintName = "loafwallet WatchKit App"
            ReferencedContainer = "container:loafwallet.xcodeproj">
         </BuildableReference>
      </MacroExpansion>
   </ProfileAction>
   <AnalyzeAction
      buildConfiguration = "Debug">
   </AnalyzeAction>
   <ArchiveAction
      buildConfiguration = "Release"
      revealArchiveInOrganizer = "YES">
   </ArchiveAction>
</Scheme>
