{
  "object": {
    "pins": [
      {
        "package": "CashCore",
        "repositoryURL": "https://github.com/atmcoin/cash-sdk-ios.git",
        "state": {
          "branch": null,
          "revision": "ea457139f7050737c240ea2660767cf3836c0fc5",
          "version": "4.0.1"
        }
      },
      {
        "package": "CashUI",
        "repositoryURL": "https://github.com/atmcoin/cash-ui-ios.git",
        "state": {
          "branch": null,
          "revision": "aaf721c5e48f363b6766f8a31bdf33bfc74bb0a1",
          "version": "4.1.0"
        }
      },
      {
        "package": "CoinGecko",
        "repositoryURL": "https://github.com/breadwallet/CoinGecko",
        "state": {
          "branch": null,
          "revision": "be65fb1d75e62b103f9a1988b05d5d5690396ff3",
          "version": "1.0.1"
        }
      }
    ]
  },
  "version": 1
}
