{
  "object": {
    "pins": [
      {
        "package": "CashCore",
        "repositoryURL": "https://github.com/atmcoin/cash-sdk-ios.git",
        "state": {
          "branch": null,
          "revision": "347e4aae3dfbfda9aa2d8468ea99b4de40fe0883",
          "version": "4.0.2"
        }
      },
      {
        "package": "CashUI",
        "repositoryURL": "https://github.com/atmcoin/cash-ui-ios.git",
        "state": {
          "branch": null,
          "revision": "7ea94548cf6b55ca092e67788b7681f178d69f8d",
          "version": "4.2.1"
        }
      },
      {
        "package": "CoinGecko",
        "repositoryURL": "https://github.com/breadwallet/CoinGecko",
        "state": {
          "branch": null,
          "revision": "be65fb1d75e62b103f9a1988b05d5d5690396ff3",
          "version": "1.0.1"
        }
      }
    ]
  },
  "version": 1
}
