{
  "object": {
    "pins": [
      {
        "package": "CashCore",
        "repositoryURL": "https://github.com/atmcoin/cash-sdk-ios.git",
        "state": {
          "branch": null,
          "revision": "b26c972f4543ce72088f8dcd5a9f5aecb7d6cebe",
          "version": "5.1.3"
        }
      },
      {
        "package": "CashUI",
        "repositoryURL": "https://github.com/atmcoin/cash-ui-ios.git",
        "state": {
          "branch": null,
          "revision": "0fbc822ca0b46515ca5d5f141fdea5683f2d908f",
          "version": "5.2.0"
        }
      },
      {
        "package": "CoinGecko",
        "repositoryURL": "https://github.com/breadwallet/coingecko",
        "state": {
          "branch": null,
          "revision": "c46a8fd0ea9752e465006d477553bf0c5a78c931",
          "version": "1.0.2"
        }
      }
    ]
  },
  "version": 1
}
