// !$*UTF8*$!
{
	archiveVersion = 1;
	classes = {
	};
	objectVersion = 48;
	objects = {

/* Begin PBXBuildFile section */
		75A2A7941DA5934300A983D8 /* AppDelegate.swift in Sources */ = {isa = PBXBuildFile; fileRef = 75A2A7931DA5934300A983D8 /* AppDelegate.swift */; };
		75A2A7961DA5934300A983D8 /* ViewController.swift in Sources */ = {isa = PBXBuildFile; fileRef = 75A2A7951DA5934300A983D8 /* ViewController.swift */; };
		75A2A7991DA5934300A983D8 /* Main.storyboard in Resources */ = {isa = PBXBuildFile; fileRef = 75A2A7971DA5934300A983D8 /* Main.storyboard */; };
		75A2A79B1DA5934300A983D8 /* Assets.xcassets in Resources */ = {isa = PBXBuildFile; fileRef = 75A2A79A1DA5934300A983D8 /* Assets.xcassets */; };
		75A2A79E1DA5934300A983D8 /* LaunchScreen.storyboard in Resources */ = {isa = PBXBuildFile; fileRef = 75A2A79C1DA5934300A983D8 /* LaunchScreen.storyboard */; };
		75A2A7A91DA5934300A983D8 /* breadwalletTests.swift in Sources */ = {isa = PBXBuildFile; fileRef = 75A2A7A81DA5934300A983D8 /* breadwalletTests.swift */; };
		75A2A7B41DA5934300A983D8 /* breadwalletUITests.swift in Sources */ = {isa = PBXBuildFile; fileRef = 75A2A7B31DA5934300A983D8 /* breadwalletUITests.swift */; };
		75A2A7B91DA5934300A983D8 /* breadwallet WatchKit App.app in Embed Watch Content */ = {isa = PBXBuildFile; fileRef = 75A2A7B81DA5934300A983D8 /* breadwallet WatchKit App.app */; };
		75A2A7BF1DA5934300A983D8 /* Interface.storyboard in Resources */ = {isa = PBXBuildFile; fileRef = 75A2A7BD1DA5934300A983D8 /* Interface.storyboard */; };
		75A2A7C11DA5934300A983D8 /* Assets.xcassets in Resources */ = {isa = PBXBuildFile; fileRef = 75A2A7C01DA5934300A983D8 /* Assets.xcassets */; };
		75A2A7C81DA5934300A983D8 /* breadwallet WatchKit Extension.appex in Embed App Extensions */ = {isa = PBXBuildFile; fileRef = 75A2A7C71DA5934300A983D8 /* breadwallet WatchKit Extension.appex */; settings = {ATTRIBUTES = (RemoveHeadersOnCopy, ); }; };
		75A2A7CF1DA5934300A983D8 /* InterfaceController.swift in Sources */ = {isa = PBXBuildFile; fileRef = 75A2A7CE1DA5934300A983D8 /* InterfaceController.swift */; };
		75A2A7D11DA5934300A983D8 /* ExtensionDelegate.swift in Sources */ = {isa = PBXBuildFile; fileRef = 75A2A7D01DA5934300A983D8 /* ExtensionDelegate.swift */; };
		75A2A7D31DA5934300A983D8 /* NotificationController.swift in Sources */ = {isa = PBXBuildFile; fileRef = 75A2A7D21DA5934300A983D8 /* NotificationController.swift */; };
		75A2A7D51DA5934300A983D8 /* ComplicationController.swift in Sources */ = {isa = PBXBuildFile; fileRef = 75A2A7D41DA5934300A983D8 /* ComplicationController.swift */; };
		75A2A7D71DA5934400A983D8 /* Assets.xcassets in Resources */ = {isa = PBXBuildFile; fileRef = 75A2A7D61DA5934300A983D8 /* Assets.xcassets */; };
		75A2A7F31DA5935F00A983D8 /* Messages.framework in Frameworks */ = {isa = PBXBuildFile; fileRef = 75A2A7F21DA5935F00A983D8 /* Messages.framework */; };
		75A2A7F61DA5935F00A983D8 /* MessagesViewController.swift in Sources */ = {isa = PBXBuildFile; fileRef = 75A2A7F51DA5935F00A983D8 /* MessagesViewController.swift */; };
		75A2A7F91DA5935F00A983D8 /* MainInterface.storyboard in Resources */ = {isa = PBXBuildFile; fileRef = 75A2A7F71DA5935F00A983D8 /* MainInterface.storyboard */; };
		75A2A7FB1DA5935F00A983D8 /* Assets.xcassets in Resources */ = {isa = PBXBuildFile; fileRef = 75A2A7FA1DA5935F00A983D8 /* Assets.xcassets */; };
		75A2A7FF1DA5935F00A983D8 /* MessagesExtension.appex in Embed App Extensions */ = {isa = PBXBuildFile; fileRef = 75A2A7F01DA5935F00A983D8 /* MessagesExtension.appex */; settings = {ATTRIBUTES = (RemoveHeadersOnCopy, ); }; };
		75A2A80A1DA5936F00A983D8 /* NotificationCenter.framework in Frameworks */ = {isa = PBXBuildFile; fileRef = 75A2A8091DA5936F00A983D8 /* NotificationCenter.framework */; };
		75A2A80D1DA5936F00A983D8 /* TodayViewController.swift in Sources */ = {isa = PBXBuildFile; fileRef = 75A2A80C1DA5936F00A983D8 /* TodayViewController.swift */; };
		75A2A8101DA5936F00A983D8 /* MainInterface.storyboard in Resources */ = {isa = PBXBuildFile; fileRef = 75A2A80E1DA5936F00A983D8 /* MainInterface.storyboard */; };
		75A2A8141DA5936F00A983D8 /* TodayExtension.appex in Embed App Extensions */ = {isa = PBXBuildFile; fileRef = 75A2A8081DA5936F00A983D8 /* TodayExtension.appex */; settings = {ATTRIBUTES = (RemoveHeadersOnCopy, ); }; };
		75A2A81F1DA5938500A983D8 /* NotificationService.swift in Sources */ = {isa = PBXBuildFile; fileRef = 75A2A81E1DA5938500A983D8 /* NotificationService.swift */; };
		75A2A8231DA5938500A983D8 /* NotificationServiceExtension.appex in Embed App Extensions */ = {isa = PBXBuildFile; fileRef = 75A2A81C1DA5938500A983D8 /* NotificationServiceExtension.appex */; settings = {ATTRIBUTES = (RemoveHeadersOnCopy, ); }; };
		75B6F4F71DA71DAA0031A93F /* BRAddress.c in Sources */ = {isa = PBXBuildFile; fileRef = 75B6F4651DA71DAA0031A93F /* BRAddress.c */; };
		75B6F4F81DA71DAA0031A93F /* BRBase58.c in Sources */ = {isa = PBXBuildFile; fileRef = 75B6F4681DA71DAA0031A93F /* BRBase58.c */; };
		75B6F4F91DA71DAA0031A93F /* BRBIP32Sequence.c in Sources */ = {isa = PBXBuildFile; fileRef = 75B6F46A1DA71DAA0031A93F /* BRBIP32Sequence.c */; };
		75B6F4FA1DA71DAA0031A93F /* BRBIP38Key.c in Sources */ = {isa = PBXBuildFile; fileRef = 75B6F46C1DA71DAA0031A93F /* BRBIP38Key.c */; };
		75B6F4FB1DA71DAA0031A93F /* BRBIP39Mnemonic.c in Sources */ = {isa = PBXBuildFile; fileRef = 75B6F46E1DA71DAA0031A93F /* BRBIP39Mnemonic.c */; };
		75B6F4FC1DA71DAA0031A93F /* BRBloomFilter.c in Sources */ = {isa = PBXBuildFile; fileRef = 75B6F4711DA71DAA0031A93F /* BRBloomFilter.c */; };
		75B6F4FD1DA71DAA0031A93F /* BRCrypto.c in Sources */ = {isa = PBXBuildFile; fileRef = 75B6F4741DA71DAA0031A93F /* BRCrypto.c */; };
		75B6F4FE1DA71DAA0031A93F /* BRKey.c in Sources */ = {isa = PBXBuildFile; fileRef = 75B6F4771DA71DAA0031A93F /* BRKey.c */; };
		75B6F4FF1DA71DAA0031A93F /* BRMerkleBlock.c in Sources */ = {isa = PBXBuildFile; fileRef = 75B6F4791DA71DAA0031A93F /* BRMerkleBlock.c */; };
		75B6F5001DA71DAA0031A93F /* BRPaymentProtocol.c in Sources */ = {isa = PBXBuildFile; fileRef = 75B6F47B1DA71DAA0031A93F /* BRPaymentProtocol.c */; };
		75B6F5011DA71DAA0031A93F /* BRPeer.c in Sources */ = {isa = PBXBuildFile; fileRef = 75B6F47D1DA71DAA0031A93F /* BRPeer.c */; };
		75B6F5021DA71DAA0031A93F /* BRPeerManager.c in Sources */ = {isa = PBXBuildFile; fileRef = 75B6F47F1DA71DAA0031A93F /* BRPeerManager.c */; };
		75B6F5031DA71DAA0031A93F /* BRSet.c in Sources */ = {isa = PBXBuildFile; fileRef = 75B6F4811DA71DAA0031A93F /* BRSet.c */; };
		75B6F5041DA71DAA0031A93F /* BRTransaction.c in Sources */ = {isa = PBXBuildFile; fileRef = 75B6F4831DA71DAA0031A93F /* BRTransaction.c */; };
		75B6F5051DA71DAA0031A93F /* BRWallet.c in Sources */ = {isa = PBXBuildFile; fileRef = 75B6F4851DA71DAA0031A93F /* BRWallet.c */; };
/* End PBXBuildFile section */

/* Begin PBXContainerItemProxy section */
		75A2A7A51DA5934300A983D8 /* PBXContainerItemProxy */ = {
			isa = PBXContainerItemProxy;
			containerPortal = 75A2A7881DA5934300A983D8 /* Project object */;
			proxyType = 1;
			remoteGlobalIDString = 75A2A78F1DA5934300A983D8;
			remoteInfo = breadwallet;
		};
		75A2A7B01DA5934300A983D8 /* PBXContainerItemProxy */ = {
			isa = PBXContainerItemProxy;
			containerPortal = 75A2A7881DA5934300A983D8 /* Project object */;
			proxyType = 1;
			remoteGlobalIDString = 75A2A78F1DA5934300A983D8;
			remoteInfo = breadwallet;
		};
		75A2A7BA1DA5934300A983D8 /* PBXContainerItemProxy */ = {
			isa = PBXContainerItemProxy;
			containerPortal = 75A2A7881DA5934300A983D8 /* Project object */;
			proxyType = 1;
			remoteGlobalIDString = 75A2A7B71DA5934300A983D8;
			remoteInfo = "breadwallet WatchKit App";
		};
		75A2A7C91DA5934300A983D8 /* PBXContainerItemProxy */ = {
			isa = PBXContainerItemProxy;
			containerPortal = 75A2A7881DA5934300A983D8 /* Project object */;
			proxyType = 1;
			remoteGlobalIDString = 75A2A7C61DA5934300A983D8;
			remoteInfo = "breadwallet WatchKit Extension";
		};
		75A2A7FD1DA5935F00A983D8 /* PBXContainerItemProxy */ = {
			isa = PBXContainerItemProxy;
			containerPortal = 75A2A7881DA5934300A983D8 /* Project object */;
			proxyType = 1;
			remoteGlobalIDString = 75A2A7EF1DA5935F00A983D8;
			remoteInfo = MessagesExtension;
		};
		75A2A8121DA5936F00A983D8 /* PBXContainerItemProxy */ = {
			isa = PBXContainerItemProxy;
			containerPortal = 75A2A7881DA5934300A983D8 /* Project object */;
			proxyType = 1;
			remoteGlobalIDString = 75A2A8071DA5936F00A983D8;
			remoteInfo = TodayExtension;
		};
		75A2A8211DA5938500A983D8 /* PBXContainerItemProxy */ = {
			isa = PBXContainerItemProxy;
			containerPortal = 75A2A7881DA5934300A983D8 /* Project object */;
			proxyType = 1;
			remoteGlobalIDString = 75A2A81B1DA5938500A983D8;
			remoteInfo = NotificationServiceExtension;
		};
/* End PBXContainerItemProxy section */

/* Begin PBXCopyFilesBuildPhase section */
		75A2A7DE1DA5934400A983D8 /* Embed App Extensions */ = {
			isa = PBXCopyFilesBuildPhase;
			buildActionMask = 2147483647;
			dstPath = "";
			dstSubfolderSpec = 13;
			files = (
				75A2A7C81DA5934300A983D8 /* breadwallet WatchKit Extension.appex in Embed App Extensions */,
			);
			name = "Embed App Extensions";
			runOnlyForDeploymentPostprocessing = 0;
		};
		75A2A7E21DA5934400A983D8 /* Embed Watch Content */ = {
			isa = PBXCopyFilesBuildPhase;
			buildActionMask = 2147483647;
			dstPath = "$(CONTENTS_FOLDER_PATH)/Watch";
			dstSubfolderSpec = 16;
			files = (
				75A2A7B91DA5934300A983D8 /* breadwallet WatchKit App.app in Embed Watch Content */,
			);
			name = "Embed Watch Content";
			runOnlyForDeploymentPostprocessing = 0;
		};
		75A2A8031DA5935F00A983D8 /* Embed App Extensions */ = {
			isa = PBXCopyFilesBuildPhase;
			buildActionMask = 2147483647;
			dstPath = "";
			dstSubfolderSpec = 13;
			files = (
				75A2A8141DA5936F00A983D8 /* TodayExtension.appex in Embed App Extensions */,
				75A2A8231DA5938500A983D8 /* NotificationServiceExtension.appex in Embed App Extensions */,
				75A2A7FF1DA5935F00A983D8 /* MessagesExtension.appex in Embed App Extensions */,
			);
			name = "Embed App Extensions";
			runOnlyForDeploymentPostprocessing = 0;
		};
/* End PBXCopyFilesBuildPhase section */

/* Begin PBXFileReference section */
		75A2A7901DA5934300A983D8 /* breadwallet.app */ = {isa = PBXFileReference; explicitFileType = wrapper.application; includeInIndex = 0; path = breadwallet.app; sourceTree = BUILT_PRODUCTS_DIR; };
		75A2A7931DA5934300A983D8 /* AppDelegate.swift */ = {isa = PBXFileReference; lastKnownFileType = sourcecode.swift; path = AppDelegate.swift; sourceTree = "<group>"; };
		75A2A7951DA5934300A983D8 /* ViewController.swift */ = {isa = PBXFileReference; lastKnownFileType = sourcecode.swift; path = ViewController.swift; sourceTree = "<group>"; };
		75A2A7981DA5934300A983D8 /* Base */ = {isa = PBXFileReference; lastKnownFileType = file.storyboard; name = Base; path = Base.lproj/Main.storyboard; sourceTree = "<group>"; };
		75A2A79A1DA5934300A983D8 /* Assets.xcassets */ = {isa = PBXFileReference; lastKnownFileType = folder.assetcatalog; path = Assets.xcassets; sourceTree = "<group>"; };
		75A2A79D1DA5934300A983D8 /* Base */ = {isa = PBXFileReference; lastKnownFileType = file.storyboard; name = Base; path = Base.lproj/LaunchScreen.storyboard; sourceTree = "<group>"; };
		75A2A79F1DA5934300A983D8 /* Info.plist */ = {isa = PBXFileReference; lastKnownFileType = text.plist.xml; path = Info.plist; sourceTree = "<group>"; };
		75A2A7A41DA5934300A983D8 /* breadwalletTests.xctest */ = {isa = PBXFileReference; explicitFileType = wrapper.cfbundle; includeInIndex = 0; path = breadwalletTests.xctest; sourceTree = BUILT_PRODUCTS_DIR; };
		75A2A7A81DA5934300A983D8 /* breadwalletTests.swift */ = {isa = PBXFileReference; lastKnownFileType = sourcecode.swift; path = breadwalletTests.swift; sourceTree = "<group>"; };
		75A2A7AA1DA5934300A983D8 /* Info.plist */ = {isa = PBXFileReference; lastKnownFileType = text.plist.xml; path = Info.plist; sourceTree = "<group>"; };
		75A2A7AF1DA5934300A983D8 /* breadwalletUITests.xctest */ = {isa = PBXFileReference; explicitFileType = wrapper.cfbundle; includeInIndex = 0; path = breadwalletUITests.xctest; sourceTree = BUILT_PRODUCTS_DIR; };
		75A2A7B31DA5934300A983D8 /* breadwalletUITests.swift */ = {isa = PBXFileReference; lastKnownFileType = sourcecode.swift; path = breadwalletUITests.swift; sourceTree = "<group>"; };
		75A2A7B51DA5934300A983D8 /* Info.plist */ = {isa = PBXFileReference; lastKnownFileType = text.plist.xml; path = Info.plist; sourceTree = "<group>"; };
		75A2A7B81DA5934300A983D8 /* breadwallet WatchKit App.app */ = {isa = PBXFileReference; explicitFileType = wrapper.application; includeInIndex = 0; path = "breadwallet WatchKit App.app"; sourceTree = BUILT_PRODUCTS_DIR; };
		75A2A7BE1DA5934300A983D8 /* Base */ = {isa = PBXFileReference; lastKnownFileType = file.storyboard; name = Base; path = Base.lproj/Interface.storyboard; sourceTree = "<group>"; };
		75A2A7C01DA5934300A983D8 /* Assets.xcassets */ = {isa = PBXFileReference; lastKnownFileType = folder.assetcatalog; path = Assets.xcassets; sourceTree = "<group>"; };
		75A2A7C21DA5934300A983D8 /* Info.plist */ = {isa = PBXFileReference; lastKnownFileType = text.plist.xml; path = Info.plist; sourceTree = "<group>"; };
		75A2A7C71DA5934300A983D8 /* breadwallet WatchKit Extension.appex */ = {isa = PBXFileReference; explicitFileType = "wrapper.app-extension"; includeInIndex = 0; path = "breadwallet WatchKit Extension.appex"; sourceTree = BUILT_PRODUCTS_DIR; };
		75A2A7CD1DA5934300A983D8 /* PushNotificationPayload.apns */ = {isa = PBXFileReference; lastKnownFileType = text; path = PushNotificationPayload.apns; sourceTree = "<group>"; };
		75A2A7CE1DA5934300A983D8 /* InterfaceController.swift */ = {isa = PBXFileReference; lastKnownFileType = sourcecode.swift; path = InterfaceController.swift; sourceTree = "<group>"; };
		75A2A7D01DA5934300A983D8 /* ExtensionDelegate.swift */ = {isa = PBXFileReference; lastKnownFileType = sourcecode.swift; path = ExtensionDelegate.swift; sourceTree = "<group>"; };
		75A2A7D21DA5934300A983D8 /* NotificationController.swift */ = {isa = PBXFileReference; lastKnownFileType = sourcecode.swift; path = NotificationController.swift; sourceTree = "<group>"; };
		75A2A7D41DA5934300A983D8 /* ComplicationController.swift */ = {isa = PBXFileReference; lastKnownFileType = sourcecode.swift; path = ComplicationController.swift; sourceTree = "<group>"; };
		75A2A7D61DA5934300A983D8 /* Assets.xcassets */ = {isa = PBXFileReference; lastKnownFileType = folder.assetcatalog; path = Assets.xcassets; sourceTree = "<group>"; };
		75A2A7D81DA5934400A983D8 /* Info.plist */ = {isa = PBXFileReference; lastKnownFileType = text.plist.xml; path = Info.plist; sourceTree = "<group>"; };
		75A2A7F01DA5935F00A983D8 /* MessagesExtension.appex */ = {isa = PBXFileReference; explicitFileType = "wrapper.app-extension"; includeInIndex = 0; path = MessagesExtension.appex; sourceTree = BUILT_PRODUCTS_DIR; };
		75A2A7F21DA5935F00A983D8 /* Messages.framework */ = {isa = PBXFileReference; lastKnownFileType = wrapper.framework; name = Messages.framework; path = System/Library/Frameworks/Messages.framework; sourceTree = SDKROOT; };
		75A2A7F51DA5935F00A983D8 /* MessagesViewController.swift */ = {isa = PBXFileReference; lastKnownFileType = sourcecode.swift; path = MessagesViewController.swift; sourceTree = "<group>"; };
		75A2A7F81DA5935F00A983D8 /* Base */ = {isa = PBXFileReference; lastKnownFileType = file.storyboard; name = Base; path = Base.lproj/MainInterface.storyboard; sourceTree = "<group>"; };
		75A2A7FA1DA5935F00A983D8 /* Assets.xcassets */ = {isa = PBXFileReference; lastKnownFileType = folder.assetcatalog; path = Assets.xcassets; sourceTree = "<group>"; };
		75A2A7FC1DA5935F00A983D8 /* Info.plist */ = {isa = PBXFileReference; lastKnownFileType = text.plist.xml; path = Info.plist; sourceTree = "<group>"; };
		75A2A8081DA5936F00A983D8 /* TodayExtension.appex */ = {isa = PBXFileReference; explicitFileType = "wrapper.app-extension"; includeInIndex = 0; path = TodayExtension.appex; sourceTree = BUILT_PRODUCTS_DIR; };
		75A2A8091DA5936F00A983D8 /* NotificationCenter.framework */ = {isa = PBXFileReference; lastKnownFileType = wrapper.framework; name = NotificationCenter.framework; path = System/Library/Frameworks/NotificationCenter.framework; sourceTree = SDKROOT; };
		75A2A80C1DA5936F00A983D8 /* TodayViewController.swift */ = {isa = PBXFileReference; lastKnownFileType = sourcecode.swift; path = TodayViewController.swift; sourceTree = "<group>"; };
		75A2A80F1DA5936F00A983D8 /* Base */ = {isa = PBXFileReference; lastKnownFileType = file.storyboard; name = Base; path = Base.lproj/MainInterface.storyboard; sourceTree = "<group>"; };
		75A2A8111DA5936F00A983D8 /* Info.plist */ = {isa = PBXFileReference; lastKnownFileType = text.plist.xml; path = Info.plist; sourceTree = "<group>"; };
		75A2A81C1DA5938500A983D8 /* NotificationServiceExtension.appex */ = {isa = PBXFileReference; explicitFileType = "wrapper.app-extension"; includeInIndex = 0; path = NotificationServiceExtension.appex; sourceTree = BUILT_PRODUCTS_DIR; };
		75A2A81E1DA5938500A983D8 /* NotificationService.swift */ = {isa = PBXFileReference; lastKnownFileType = sourcecode.swift; path = NotificationService.swift; sourceTree = "<group>"; };
		75A2A8201DA5938500A983D8 /* Info.plist */ = {isa = PBXFileReference; lastKnownFileType = text.plist.xml; path = Info.plist; sourceTree = "<group>"; };
		75A2A8271DA59B2A00A983D8 /* fr */ = {isa = PBXFileReference; lastKnownFileType = text.plist.strings; name = fr; path = fr.lproj/Main.strings; sourceTree = "<group>"; };
		75A2A8281DA59B2A00A983D8 /* fr */ = {isa = PBXFileReference; lastKnownFileType = text.plist.strings; name = fr; path = fr.lproj/LaunchScreen.strings; sourceTree = "<group>"; };
		75A2A8291DA59B2A00A983D8 /* fr */ = {isa = PBXFileReference; lastKnownFileType = text.plist.strings; name = fr; path = fr.lproj/Interface.strings; sourceTree = "<group>"; };
		75A2A82A1DA59B2A00A983D8 /* fr */ = {isa = PBXFileReference; lastKnownFileType = text.plist.strings; name = fr; path = fr.lproj/MainInterface.strings; sourceTree = "<group>"; };
		75A2A82B1DA59B2A00A983D8 /* fr */ = {isa = PBXFileReference; lastKnownFileType = text.plist.strings; name = fr; path = fr.lproj/MainInterface.strings; sourceTree = "<group>"; };
		75A2A82C1DA59B2F00A983D8 /* de */ = {isa = PBXFileReference; lastKnownFileType = text.plist.strings; name = de; path = de.lproj/Main.strings; sourceTree = "<group>"; };
		75A2A82D1DA59B2F00A983D8 /* de */ = {isa = PBXFileReference; lastKnownFileType = text.plist.strings; name = de; path = de.lproj/LaunchScreen.strings; sourceTree = "<group>"; };
		75A2A82E1DA59B2F00A983D8 /* de */ = {isa = PBXFileReference; lastKnownFileType = text.plist.strings; name = de; path = de.lproj/Interface.strings; sourceTree = "<group>"; };
		75A2A82F1DA59B2F00A983D8 /* de */ = {isa = PBXFileReference; lastKnownFileType = text.plist.strings; name = de; path = de.lproj/MainInterface.strings; sourceTree = "<group>"; };
		75A2A8301DA59B2F00A983D8 /* de */ = {isa = PBXFileReference; lastKnownFileType = text.plist.strings; name = de; path = de.lproj/MainInterface.strings; sourceTree = "<group>"; };
		75A2A8311DA59B3600A983D8 /* zh-Hans */ = {isa = PBXFileReference; lastKnownFileType = text.plist.strings; name = "zh-Hans"; path = "zh-Hans.lproj/Main.strings"; sourceTree = "<group>"; };
		75A2A8321DA59B3600A983D8 /* zh-Hans */ = {isa = PBXFileReference; lastKnownFileType = text.plist.strings; name = "zh-Hans"; path = "zh-Hans.lproj/LaunchScreen.strings"; sourceTree = "<group>"; };
		75A2A8331DA59B3600A983D8 /* zh-Hans */ = {isa = PBXFileReference; lastKnownFileType = text.plist.strings; name = "zh-Hans"; path = "zh-Hans.lproj/Interface.strings"; sourceTree = "<group>"; };
		75A2A8341DA59B3600A983D8 /* zh-Hans */ = {isa = PBXFileReference; lastKnownFileType = text.plist.strings; name = "zh-Hans"; path = "zh-Hans.lproj/MainInterface.strings"; sourceTree = "<group>"; };
		75A2A8351DA59B3600A983D8 /* zh-Hans */ = {isa = PBXFileReference; lastKnownFileType = text.plist.strings; name = "zh-Hans"; path = "zh-Hans.lproj/MainInterface.strings"; sourceTree = "<group>"; };
		75A2A8361DA59B3C00A983D8 /* ja */ = {isa = PBXFileReference; lastKnownFileType = text.plist.strings; name = ja; path = ja.lproj/Main.strings; sourceTree = "<group>"; };
		75A2A8371DA59B3C00A983D8 /* ja */ = {isa = PBXFileReference; lastKnownFileType = text.plist.strings; name = ja; path = ja.lproj/LaunchScreen.strings; sourceTree = "<group>"; };
		75A2A8381DA59B3C00A983D8 /* ja */ = {isa = PBXFileReference; lastKnownFileType = text.plist.strings; name = ja; path = ja.lproj/Interface.strings; sourceTree = "<group>"; };
		75A2A8391DA59B3C00A983D8 /* ja */ = {isa = PBXFileReference; lastKnownFileType = text.plist.strings; name = ja; path = ja.lproj/MainInterface.strings; sourceTree = "<group>"; };
		75A2A83A1DA59B3C00A983D8 /* ja */ = {isa = PBXFileReference; lastKnownFileType = text.plist.strings; name = ja; path = ja.lproj/MainInterface.strings; sourceTree = "<group>"; };
		75A2A83B1DA59B4500A983D8 /* es */ = {isa = PBXFileReference; lastKnownFileType = text.plist.strings; name = es; path = es.lproj/Main.strings; sourceTree = "<group>"; };
		75A2A83C1DA59B4500A983D8 /* es */ = {isa = PBXFileReference; lastKnownFileType = text.plist.strings; name = es; path = es.lproj/LaunchScreen.strings; sourceTree = "<group>"; };
		75A2A83D1DA59B4500A983D8 /* es */ = {isa = PBXFileReference; lastKnownFileType = text.plist.strings; name = es; path = es.lproj/Interface.strings; sourceTree = "<group>"; };
		75A2A83E1DA59B4500A983D8 /* es */ = {isa = PBXFileReference; lastKnownFileType = text.plist.strings; name = es; path = es.lproj/MainInterface.strings; sourceTree = "<group>"; };
		75A2A83F1DA59B4500A983D8 /* es */ = {isa = PBXFileReference; lastKnownFileType = text.plist.strings; name = es; path = es.lproj/MainInterface.strings; sourceTree = "<group>"; };
		75A2A8401DA59B4B00A983D8 /* it */ = {isa = PBXFileReference; lastKnownFileType = text.plist.strings; name = it; path = it.lproj/Main.strings; sourceTree = "<group>"; };
		75A2A8411DA59B4B00A983D8 /* it */ = {isa = PBXFileReference; lastKnownFileType = text.plist.strings; name = it; path = it.lproj/LaunchScreen.strings; sourceTree = "<group>"; };
		75A2A8421DA59B4B00A983D8 /* it */ = {isa = PBXFileReference; lastKnownFileType = text.plist.strings; name = it; path = it.lproj/Interface.strings; sourceTree = "<group>"; };
		75A2A8431DA59B4B00A983D8 /* it */ = {isa = PBXFileReference; lastKnownFileType = text.plist.strings; name = it; path = it.lproj/MainInterface.strings; sourceTree = "<group>"; };
		75A2A8441DA59B4B00A983D8 /* it */ = {isa = PBXFileReference; lastKnownFileType = text.plist.strings; name = it; path = it.lproj/MainInterface.strings; sourceTree = "<group>"; };
		75A2A8451DA59B5100A983D8 /* nl */ = {isa = PBXFileReference; lastKnownFileType = text.plist.strings; name = nl; path = nl.lproj/Main.strings; sourceTree = "<group>"; };
		75A2A8461DA59B5100A983D8 /* nl */ = {isa = PBXFileReference; lastKnownFileType = text.plist.strings; name = nl; path = nl.lproj/LaunchScreen.strings; sourceTree = "<group>"; };
		75A2A8471DA59B5100A983D8 /* nl */ = {isa = PBXFileReference; lastKnownFileType = text.plist.strings; name = nl; path = nl.lproj/Interface.strings; sourceTree = "<group>"; };
		75A2A8481DA59B5100A983D8 /* nl */ = {isa = PBXFileReference; lastKnownFileType = text.plist.strings; name = nl; path = nl.lproj/MainInterface.strings; sourceTree = "<group>"; };
		75A2A8491DA59B5100A983D8 /* nl */ = {isa = PBXFileReference; lastKnownFileType = text.plist.strings; name = nl; path = nl.lproj/MainInterface.strings; sourceTree = "<group>"; };
		75A2A84A1DA59B5700A983D8 /* ko */ = {isa = PBXFileReference; lastKnownFileType = text.plist.strings; name = ko; path = ko.lproj/Main.strings; sourceTree = "<group>"; };
		75A2A84B1DA59B5700A983D8 /* ko */ = {isa = PBXFileReference; lastKnownFileType = text.plist.strings; name = ko; path = ko.lproj/LaunchScreen.strings; sourceTree = "<group>"; };
		75A2A84C1DA59B5700A983D8 /* ko */ = {isa = PBXFileReference; lastKnownFileType = text.plist.strings; name = ko; path = ko.lproj/Interface.strings; sourceTree = "<group>"; };
		75A2A84D1DA59B5700A983D8 /* ko */ = {isa = PBXFileReference; lastKnownFileType = text.plist.strings; name = ko; path = ko.lproj/MainInterface.strings; sourceTree = "<group>"; };
		75A2A84E1DA59B5700A983D8 /* ko */ = {isa = PBXFileReference; lastKnownFileType = text.plist.strings; name = ko; path = ko.lproj/MainInterface.strings; sourceTree = "<group>"; };
		75A2A84F1DA59B6300A983D8 /* pt-BR */ = {isa = PBXFileReference; lastKnownFileType = text.plist.strings; name = "pt-BR"; path = "pt-BR.lproj/Main.strings"; sourceTree = "<group>"; };
		75A2A8501DA59B6300A983D8 /* pt-BR */ = {isa = PBXFileReference; lastKnownFileType = text.plist.strings; name = "pt-BR"; path = "pt-BR.lproj/LaunchScreen.strings"; sourceTree = "<group>"; };
		75A2A8511DA59B6300A983D8 /* pt-BR */ = {isa = PBXFileReference; lastKnownFileType = text.plist.strings; name = "pt-BR"; path = "pt-BR.lproj/Interface.strings"; sourceTree = "<group>"; };
		75A2A8521DA59B6300A983D8 /* pt-BR */ = {isa = PBXFileReference; lastKnownFileType = text.plist.strings; name = "pt-BR"; path = "pt-BR.lproj/MainInterface.strings"; sourceTree = "<group>"; };
		75A2A8531DA59B6300A983D8 /* pt-BR */ = {isa = PBXFileReference; lastKnownFileType = text.plist.strings; name = "pt-BR"; path = "pt-BR.lproj/MainInterface.strings"; sourceTree = "<group>"; };
		75A2A8541DA59B6900A983D8 /* da */ = {isa = PBXFileReference; lastKnownFileType = text.plist.strings; name = da; path = da.lproj/Main.strings; sourceTree = "<group>"; };
		75A2A8551DA59B6900A983D8 /* da */ = {isa = PBXFileReference; lastKnownFileType = text.plist.strings; name = da; path = da.lproj/LaunchScreen.strings; sourceTree = "<group>"; };
		75A2A8561DA59B6A00A983D8 /* da */ = {isa = PBXFileReference; lastKnownFileType = text.plist.strings; name = da; path = da.lproj/Interface.strings; sourceTree = "<group>"; };
		75A2A8571DA59B6A00A983D8 /* da */ = {isa = PBXFileReference; lastKnownFileType = text.plist.strings; name = da; path = da.lproj/MainInterface.strings; sourceTree = "<group>"; };
		75A2A8581DA59B6A00A983D8 /* da */ = {isa = PBXFileReference; lastKnownFileType = text.plist.strings; name = da; path = da.lproj/MainInterface.strings; sourceTree = "<group>"; };
		75A2A8591DA59BBF00A983D8 /* nb */ = {isa = PBXFileReference; lastKnownFileType = text.plist.strings; name = nb; path = nb.lproj/Main.strings; sourceTree = "<group>"; };
		75A2A85A1DA59BBF00A983D8 /* nb */ = {isa = PBXFileReference; lastKnownFileType = text.plist.strings; name = nb; path = nb.lproj/LaunchScreen.strings; sourceTree = "<group>"; };
		75A2A85B1DA59BBF00A983D8 /* nb */ = {isa = PBXFileReference; lastKnownFileType = text.plist.strings; name = nb; path = nb.lproj/Interface.strings; sourceTree = "<group>"; };
		75A2A85C1DA59BBF00A983D8 /* nb */ = {isa = PBXFileReference; lastKnownFileType = text.plist.strings; name = nb; path = nb.lproj/MainInterface.strings; sourceTree = "<group>"; };
		75A2A85D1DA59BBF00A983D8 /* nb */ = {isa = PBXFileReference; lastKnownFileType = text.plist.strings; name = nb; path = nb.lproj/MainInterface.strings; sourceTree = "<group>"; };
		75A2A85E1DA59BF500A983D8 /* sv */ = {isa = PBXFileReference; lastKnownFileType = text.plist.strings; name = sv; path = sv.lproj/Main.strings; sourceTree = "<group>"; };
		75A2A85F1DA59BF500A983D8 /* sv */ = {isa = PBXFileReference; lastKnownFileType = text.plist.strings; name = sv; path = sv.lproj/LaunchScreen.strings; sourceTree = "<group>"; };
		75A2A8601DA59BF500A983D8 /* sv */ = {isa = PBXFileReference; lastKnownFileType = text.plist.strings; name = sv; path = sv.lproj/Interface.strings; sourceTree = "<group>"; };
		75A2A8611DA59BF500A983D8 /* sv */ = {isa = PBXFileReference; lastKnownFileType = text.plist.strings; name = sv; path = sv.lproj/MainInterface.strings; sourceTree = "<group>"; };
		75A2A8621DA59BF500A983D8 /* sv */ = {isa = PBXFileReference; lastKnownFileType = text.plist.strings; name = sv; path = sv.lproj/MainInterface.strings; sourceTree = "<group>"; };
		75A2A8631DA59BFB00A983D8 /* ru */ = {isa = PBXFileReference; lastKnownFileType = text.plist.strings; name = ru; path = ru.lproj/Main.strings; sourceTree = "<group>"; };
		75A2A8641DA59BFB00A983D8 /* ru */ = {isa = PBXFileReference; lastKnownFileType = text.plist.strings; name = ru; path = ru.lproj/LaunchScreen.strings; sourceTree = "<group>"; };
		75A2A8651DA59BFB00A983D8 /* ru */ = {isa = PBXFileReference; lastKnownFileType = text.plist.strings; name = ru; path = ru.lproj/Interface.strings; sourceTree = "<group>"; };
		75A2A8661DA59BFB00A983D8 /* ru */ = {isa = PBXFileReference; lastKnownFileType = text.plist.strings; name = ru; path = ru.lproj/MainInterface.strings; sourceTree = "<group>"; };
		75A2A8671DA59BFB00A983D8 /* ru */ = {isa = PBXFileReference; lastKnownFileType = text.plist.strings; name = ru; path = ru.lproj/MainInterface.strings; sourceTree = "<group>"; };
		75A2A8681DA59C0900A983D8 /* pl */ = {isa = PBXFileReference; lastKnownFileType = text.plist.strings; name = pl; path = pl.lproj/Main.strings; sourceTree = "<group>"; };
		75A2A8691DA59C0900A983D8 /* pl */ = {isa = PBXFileReference; lastKnownFileType = text.plist.strings; name = pl; path = pl.lproj/LaunchScreen.strings; sourceTree = "<group>"; };
		75A2A86A1DA59C0900A983D8 /* pl */ = {isa = PBXFileReference; lastKnownFileType = text.plist.strings; name = pl; path = pl.lproj/Interface.strings; sourceTree = "<group>"; };
		75A2A86B1DA59C0900A983D8 /* pl */ = {isa = PBXFileReference; lastKnownFileType = text.plist.strings; name = pl; path = pl.lproj/MainInterface.strings; sourceTree = "<group>"; };
		75A2A86C1DA59C0900A983D8 /* pl */ = {isa = PBXFileReference; lastKnownFileType = text.plist.strings; name = pl; path = pl.lproj/MainInterface.strings; sourceTree = "<group>"; };
		75A2A86D1DA59C1500A983D8 /* tr */ = {isa = PBXFileReference; lastKnownFileType = text.plist.strings; name = tr; path = tr.lproj/Main.strings; sourceTree = "<group>"; };
		75A2A86E1DA59C1500A983D8 /* tr */ = {isa = PBXFileReference; lastKnownFileType = text.plist.strings; name = tr; path = tr.lproj/LaunchScreen.strings; sourceTree = "<group>"; };
		75A2A86F1DA59C1500A983D8 /* tr */ = {isa = PBXFileReference; lastKnownFileType = text.plist.strings; name = tr; path = tr.lproj/Interface.strings; sourceTree = "<group>"; };
		75A2A8701DA59C1500A983D8 /* tr */ = {isa = PBXFileReference; lastKnownFileType = text.plist.strings; name = tr; path = tr.lproj/MainInterface.strings; sourceTree = "<group>"; };
		75A2A8711DA59C1500A983D8 /* tr */ = {isa = PBXFileReference; lastKnownFileType = text.plist.strings; name = tr; path = tr.lproj/MainInterface.strings; sourceTree = "<group>"; };
		75A2A8721DA59C8500A983D8 /* hu */ = {isa = PBXFileReference; lastKnownFileType = text.plist.strings; name = hu; path = hu.lproj/Main.strings; sourceTree = "<group>"; };
		75A2A8731DA59C8500A983D8 /* hu */ = {isa = PBXFileReference; lastKnownFileType = text.plist.strings; name = hu; path = hu.lproj/LaunchScreen.strings; sourceTree = "<group>"; };
		75A2A8741DA59C8500A983D8 /* hu */ = {isa = PBXFileReference; lastKnownFileType = text.plist.strings; name = hu; path = hu.lproj/Interface.strings; sourceTree = "<group>"; };
		75A2A8751DA59C8500A983D8 /* hu */ = {isa = PBXFileReference; lastKnownFileType = text.plist.strings; name = hu; path = hu.lproj/MainInterface.strings; sourceTree = "<group>"; };
		75A2A8761DA59C8500A983D8 /* hu */ = {isa = PBXFileReference; lastKnownFileType = text.plist.strings; name = hu; path = hu.lproj/MainInterface.strings; sourceTree = "<group>"; };
		75A2A8771DA59C8B00A983D8 /* el */ = {isa = PBXFileReference; lastKnownFileType = text.plist.strings; name = el; path = el.lproj/Main.strings; sourceTree = "<group>"; };
		75A2A8781DA59C8B00A983D8 /* el */ = {isa = PBXFileReference; lastKnownFileType = text.plist.strings; name = el; path = el.lproj/LaunchScreen.strings; sourceTree = "<group>"; };
		75A2A8791DA59C8B00A983D8 /* el */ = {isa = PBXFileReference; lastKnownFileType = text.plist.strings; name = el; path = el.lproj/Interface.strings; sourceTree = "<group>"; };
		75A2A87A1DA59C8B00A983D8 /* el */ = {isa = PBXFileReference; lastKnownFileType = text.plist.strings; name = el; path = el.lproj/MainInterface.strings; sourceTree = "<group>"; };
		75A2A87B1DA59C8B00A983D8 /* el */ = {isa = PBXFileReference; lastKnownFileType = text.plist.strings; name = el; path = el.lproj/MainInterface.strings; sourceTree = "<group>"; };
		75A2A87C1DA59E4E00A983D8 /* breadwallet.entitlements */ = {isa = PBXFileReference; lastKnownFileType = text.plist.entitlements; path = breadwallet.entitlements; sourceTree = "<group>"; };
		75B6F4651DA71DAA0031A93F /* BRAddress.c */ = {isa = PBXFileReference; fileEncoding = 4; lastKnownFileType = sourcecode.c.c; path = BRAddress.c; sourceTree = "<group>"; };
		75B6F4661DA71DAA0031A93F /* BRAddress.h */ = {isa = PBXFileReference; fileEncoding = 4; lastKnownFileType = sourcecode.c.h; path = BRAddress.h; sourceTree = "<group>"; };
		75B6F4671DA71DAA0031A93F /* BRArray.h */ = {isa = PBXFileReference; fileEncoding = 4; lastKnownFileType = sourcecode.c.h; path = BRArray.h; sourceTree = "<group>"; };
		75B6F4681DA71DAA0031A93F /* BRBase58.c */ = {isa = PBXFileReference; fileEncoding = 4; lastKnownFileType = sourcecode.c.c; path = BRBase58.c; sourceTree = "<group>"; };
		75B6F4691DA71DAA0031A93F /* BRBase58.h */ = {isa = PBXFileReference; fileEncoding = 4; lastKnownFileType = sourcecode.c.h; path = BRBase58.h; sourceTree = "<group>"; };
		75B6F46A1DA71DAA0031A93F /* BRBIP32Sequence.c */ = {isa = PBXFileReference; fileEncoding = 4; lastKnownFileType = sourcecode.c.c; path = BRBIP32Sequence.c; sourceTree = "<group>"; };
		75B6F46B1DA71DAA0031A93F /* BRBIP32Sequence.h */ = {isa = PBXFileReference; fileEncoding = 4; lastKnownFileType = sourcecode.c.h; path = BRBIP32Sequence.h; sourceTree = "<group>"; };
		75B6F46C1DA71DAA0031A93F /* BRBIP38Key.c */ = {isa = PBXFileReference; fileEncoding = 4; lastKnownFileType = sourcecode.c.c; path = BRBIP38Key.c; sourceTree = "<group>"; };
		75B6F46D1DA71DAA0031A93F /* BRBIP38Key.h */ = {isa = PBXFileReference; fileEncoding = 4; lastKnownFileType = sourcecode.c.h; path = BRBIP38Key.h; sourceTree = "<group>"; };
		75B6F46E1DA71DAA0031A93F /* BRBIP39Mnemonic.c */ = {isa = PBXFileReference; fileEncoding = 4; lastKnownFileType = sourcecode.c.c; path = BRBIP39Mnemonic.c; sourceTree = "<group>"; };
		75B6F46F1DA71DAA0031A93F /* BRBIP39Mnemonic.h */ = {isa = PBXFileReference; fileEncoding = 4; lastKnownFileType = sourcecode.c.h; path = BRBIP39Mnemonic.h; sourceTree = "<group>"; };
		75B6F4701DA71DAA0031A93F /* BRBIP39WordsEn.h */ = {isa = PBXFileReference; fileEncoding = 4; lastKnownFileType = sourcecode.c.h; path = BRBIP39WordsEn.h; sourceTree = "<group>"; };
		75B6F4711DA71DAA0031A93F /* BRBloomFilter.c */ = {isa = PBXFileReference; fileEncoding = 4; lastKnownFileType = sourcecode.c.c; path = BRBloomFilter.c; sourceTree = "<group>"; };
		75B6F4721DA71DAA0031A93F /* BRBloomFilter.h */ = {isa = PBXFileReference; fileEncoding = 4; lastKnownFileType = sourcecode.c.h; path = BRBloomFilter.h; sourceTree = "<group>"; };
		75B6F4741DA71DAA0031A93F /* BRCrypto.c */ = {isa = PBXFileReference; fileEncoding = 4; lastKnownFileType = sourcecode.c.c; path = BRCrypto.c; sourceTree = "<group>"; };
		75B6F4751DA71DAA0031A93F /* BRCrypto.h */ = {isa = PBXFileReference; fileEncoding = 4; lastKnownFileType = sourcecode.c.h; path = BRCrypto.h; sourceTree = "<group>"; };
		75B6F4761DA71DAA0031A93F /* BRInt.h */ = {isa = PBXFileReference; fileEncoding = 4; lastKnownFileType = sourcecode.c.h; path = BRInt.h; sourceTree = "<group>"; };
		75B6F4771DA71DAA0031A93F /* BRKey.c */ = {isa = PBXFileReference; fileEncoding = 4; lastKnownFileType = sourcecode.c.c; path = BRKey.c; sourceTree = "<group>"; };
		75B6F4781DA71DAA0031A93F /* BRKey.h */ = {isa = PBXFileReference; fileEncoding = 4; lastKnownFileType = sourcecode.c.h; path = BRKey.h; sourceTree = "<group>"; };
		75B6F4791DA71DAA0031A93F /* BRMerkleBlock.c */ = {isa = PBXFileReference; fileEncoding = 4; lastKnownFileType = sourcecode.c.c; path = BRMerkleBlock.c; sourceTree = "<group>"; };
		75B6F47A1DA71DAA0031A93F /* BRMerkleBlock.h */ = {isa = PBXFileReference; fileEncoding = 4; lastKnownFileType = sourcecode.c.h; path = BRMerkleBlock.h; sourceTree = "<group>"; };
		75B6F47B1DA71DAA0031A93F /* BRPaymentProtocol.c */ = {isa = PBXFileReference; fileEncoding = 4; lastKnownFileType = sourcecode.c.c; path = BRPaymentProtocol.c; sourceTree = "<group>"; };
		75B6F47C1DA71DAA0031A93F /* BRPaymentProtocol.h */ = {isa = PBXFileReference; fileEncoding = 4; lastKnownFileType = sourcecode.c.h; path = BRPaymentProtocol.h; sourceTree = "<group>"; };
		75B6F47D1DA71DAA0031A93F /* BRPeer.c */ = {isa = PBXFileReference; fileEncoding = 4; lastKnownFileType = sourcecode.c.c; path = BRPeer.c; sourceTree = "<group>"; };
		75B6F47E1DA71DAA0031A93F /* BRPeer.h */ = {isa = PBXFileReference; fileEncoding = 4; lastKnownFileType = sourcecode.c.h; path = BRPeer.h; sourceTree = "<group>"; };
		75B6F47F1DA71DAA0031A93F /* BRPeerManager.c */ = {isa = PBXFileReference; fileEncoding = 4; lastKnownFileType = sourcecode.c.c; path = BRPeerManager.c; sourceTree = "<group>"; };
		75B6F4801DA71DAA0031A93F /* BRPeerManager.h */ = {isa = PBXFileReference; fileEncoding = 4; lastKnownFileType = sourcecode.c.h; path = BRPeerManager.h; sourceTree = "<group>"; };
		75B6F4811DA71DAA0031A93F /* BRSet.c */ = {isa = PBXFileReference; fileEncoding = 4; lastKnownFileType = sourcecode.c.c; path = BRSet.c; sourceTree = "<group>"; };
		75B6F4821DA71DAA0031A93F /* BRSet.h */ = {isa = PBXFileReference; fileEncoding = 4; lastKnownFileType = sourcecode.c.h; path = BRSet.h; sourceTree = "<group>"; };
		75B6F4831DA71DAA0031A93F /* BRTransaction.c */ = {isa = PBXFileReference; fileEncoding = 4; lastKnownFileType = sourcecode.c.c; path = BRTransaction.c; sourceTree = "<group>"; };
		75B6F4841DA71DAA0031A93F /* BRTransaction.h */ = {isa = PBXFileReference; fileEncoding = 4; lastKnownFileType = sourcecode.c.h; path = BRTransaction.h; sourceTree = "<group>"; };
		75B6F4851DA71DAA0031A93F /* BRWallet.c */ = {isa = PBXFileReference; fileEncoding = 4; lastKnownFileType = sourcecode.c.c; path = BRWallet.c; sourceTree = "<group>"; };
		75B6F4861DA71DAA0031A93F /* BRWallet.h */ = {isa = PBXFileReference; fileEncoding = 4; lastKnownFileType = sourcecode.c.h; path = BRWallet.h; sourceTree = "<group>"; };
		75B6F4881DA71DAA0031A93F /* module.modulemap */ = {isa = PBXFileReference; fileEncoding = 4; lastKnownFileType = "sourcecode.module-map"; path = module.modulemap; sourceTree = "<group>"; };
		75B6F49B1DA71DAA0031A93F /* secp256k1.h */ = {isa = PBXFileReference; fileEncoding = 4; lastKnownFileType = sourcecode.c.h; path = secp256k1.h; sourceTree = "<group>"; };
		75B6F49C1DA71DAA0031A93F /* secp256k1_ecdh.h */ = {isa = PBXFileReference; fileEncoding = 4; lastKnownFileType = sourcecode.c.h; path = secp256k1_ecdh.h; sourceTree = "<group>"; };
		75B6F49D1DA71DAA0031A93F /* secp256k1_recovery.h */ = {isa = PBXFileReference; fileEncoding = 4; lastKnownFileType = sourcecode.c.h; path = secp256k1_recovery.h; sourceTree = "<group>"; };
		75B6F49E1DA71DAA0031A93F /* secp256k1_schnorr.h */ = {isa = PBXFileReference; fileEncoding = 4; lastKnownFileType = sourcecode.c.h; path = secp256k1_schnorr.h; sourceTree = "<group>"; };
		75B6F4AB1DA71DAA0031A93F /* basic-config.h */ = {isa = PBXFileReference; fileEncoding = 4; lastKnownFileType = sourcecode.c.h; path = "basic-config.h"; sourceTree = "<group>"; };
		75B6F4B31DA71DAA0031A93F /* ecdsa.h */ = {isa = PBXFileReference; fileEncoding = 4; lastKnownFileType = sourcecode.c.h; path = ecdsa.h; sourceTree = "<group>"; };
		75B6F4B41DA71DAA0031A93F /* ecdsa_impl.h */ = {isa = PBXFileReference; fileEncoding = 4; lastKnownFileType = sourcecode.c.h; path = ecdsa_impl.h; sourceTree = "<group>"; };
		75B6F4B51DA71DAA0031A93F /* eckey.h */ = {isa = PBXFileReference; fileEncoding = 4; lastKnownFileType = sourcecode.c.h; path = eckey.h; sourceTree = "<group>"; };
		75B6F4B61DA71DAA0031A93F /* eckey_impl.h */ = {isa = PBXFileReference; fileEncoding = 4; lastKnownFileType = sourcecode.c.h; path = eckey_impl.h; sourceTree = "<group>"; };
		75B6F4B71DA71DAA0031A93F /* ecmult.h */ = {isa = PBXFileReference; fileEncoding = 4; lastKnownFileType = sourcecode.c.h; path = ecmult.h; sourceTree = "<group>"; };
		75B6F4B81DA71DAA0031A93F /* ecmult_const.h */ = {isa = PBXFileReference; fileEncoding = 4; lastKnownFileType = sourcecode.c.h; path = ecmult_const.h; sourceTree = "<group>"; };
		75B6F4B91DA71DAA0031A93F /* ecmult_const_impl.h */ = {isa = PBXFileReference; fileEncoding = 4; lastKnownFileType = sourcecode.c.h; path = ecmult_const_impl.h; sourceTree = "<group>"; };
		75B6F4BA1DA71DAA0031A93F /* ecmult_gen.h */ = {isa = PBXFileReference; fileEncoding = 4; lastKnownFileType = sourcecode.c.h; path = ecmult_gen.h; sourceTree = "<group>"; };
		75B6F4BB1DA71DAA0031A93F /* ecmult_gen_impl.h */ = {isa = PBXFileReference; fileEncoding = 4; lastKnownFileType = sourcecode.c.h; path = ecmult_gen_impl.h; sourceTree = "<group>"; };
		75B6F4BC1DA71DAA0031A93F /* ecmult_impl.h */ = {isa = PBXFileReference; fileEncoding = 4; lastKnownFileType = sourcecode.c.h; path = ecmult_impl.h; sourceTree = "<group>"; };
		75B6F4BD1DA71DAA0031A93F /* field.h */ = {isa = PBXFileReference; fileEncoding = 4; lastKnownFileType = sourcecode.c.h; path = field.h; sourceTree = "<group>"; };
		75B6F4BE1DA71DAA0031A93F /* field_10x26.h */ = {isa = PBXFileReference; fileEncoding = 4; lastKnownFileType = sourcecode.c.h; path = field_10x26.h; sourceTree = "<group>"; };
		75B6F4BF1DA71DAA0031A93F /* field_10x26_impl.h */ = {isa = PBXFileReference; fileEncoding = 4; lastKnownFileType = sourcecode.c.h; path = field_10x26_impl.h; sourceTree = "<group>"; };
		75B6F4C41DA71DAA0031A93F /* field_impl.h */ = {isa = PBXFileReference; fileEncoding = 4; lastKnownFileType = sourcecode.c.h; path = field_impl.h; sourceTree = "<group>"; };
		75B6F4C61DA71DAA0031A93F /* group.h */ = {isa = PBXFileReference; fileEncoding = 4; lastKnownFileType = sourcecode.c.h; path = group.h; sourceTree = "<group>"; };
		75B6F4C71DA71DAA0031A93F /* group_impl.h */ = {isa = PBXFileReference; fileEncoding = 4; lastKnownFileType = sourcecode.c.h; path = group_impl.h; sourceTree = "<group>"; };
		75B6F4C81DA71DAA0031A93F /* hash.h */ = {isa = PBXFileReference; fileEncoding = 4; lastKnownFileType = sourcecode.c.h; path = hash.h; sourceTree = "<group>"; };
		75B6F4C91DA71DAA0031A93F /* hash_impl.h */ = {isa = PBXFileReference; fileEncoding = 4; lastKnownFileType = sourcecode.c.h; path = hash_impl.h; sourceTree = "<group>"; };
		75B6F4D71DA71DAA0031A93F /* main_impl.h */ = {isa = PBXFileReference; fileEncoding = 4; lastKnownFileType = sourcecode.c.h; path = main_impl.h; sourceTree = "<group>"; };
		75B6F4DB1DA71DAA0031A93F /* main_impl.h */ = {isa = PBXFileReference; fileEncoding = 4; lastKnownFileType = sourcecode.c.h; path = main_impl.h; sourceTree = "<group>"; };
		75B6F4DF1DA71DAA0031A93F /* main_impl.h */ = {isa = PBXFileReference; fileEncoding = 4; lastKnownFileType = sourcecode.c.h; path = main_impl.h; sourceTree = "<group>"; };
		75B6F4E11DA71DAA0031A93F /* schnorr.h */ = {isa = PBXFileReference; fileEncoding = 4; lastKnownFileType = sourcecode.c.h; path = schnorr.h; sourceTree = "<group>"; };
		75B6F4E21DA71DAA0031A93F /* schnorr_impl.h */ = {isa = PBXFileReference; fileEncoding = 4; lastKnownFileType = sourcecode.c.h; path = schnorr_impl.h; sourceTree = "<group>"; };
		75B6F4E41DA71DAA0031A93F /* num.h */ = {isa = PBXFileReference; fileEncoding = 4; lastKnownFileType = sourcecode.c.h; path = num.h; sourceTree = "<group>"; };
		75B6F4E71DA71DAA0031A93F /* num_impl.h */ = {isa = PBXFileReference; fileEncoding = 4; lastKnownFileType = sourcecode.c.h; path = num_impl.h; sourceTree = "<group>"; };
		75B6F4E81DA71DAA0031A93F /* scalar.h */ = {isa = PBXFileReference; fileEncoding = 4; lastKnownFileType = sourcecode.c.h; path = scalar.h; sourceTree = "<group>"; };
		75B6F4EB1DA71DAA0031A93F /* scalar_8x32.h */ = {isa = PBXFileReference; fileEncoding = 4; lastKnownFileType = sourcecode.c.h; path = scalar_8x32.h; sourceTree = "<group>"; };
		75B6F4EC1DA71DAA0031A93F /* scalar_8x32_impl.h */ = {isa = PBXFileReference; fileEncoding = 4; lastKnownFileType = sourcecode.c.h; path = scalar_8x32_impl.h; sourceTree = "<group>"; };
		75B6F4ED1DA71DAA0031A93F /* scalar_impl.h */ = {isa = PBXFileReference; fileEncoding = 4; lastKnownFileType = sourcecode.c.h; path = scalar_impl.h; sourceTree = "<group>"; };
		75B6F4EE1DA71DAA0031A93F /* secp256k1.c */ = {isa = PBXFileReference; fileEncoding = 4; lastKnownFileType = sourcecode.c.c; path = secp256k1.c; sourceTree = "<group>"; };
		75B6F4F21DA71DAA0031A93F /* util.h */ = {isa = PBXFileReference; fileEncoding = 4; lastKnownFileType = sourcecode.c.h; path = util.h; sourceTree = "<group>"; };
/* End PBXFileReference section */

/* Begin PBXFrameworksBuildPhase section */
		75A2A78D1DA5934300A983D8 /* Frameworks */ = {
			isa = PBXFrameworksBuildPhase;
			buildActionMask = 2147483647;
			files = (
			);
			runOnlyForDeploymentPostprocessing = 0;
		};
		75A2A7A11DA5934300A983D8 /* Frameworks */ = {
			isa = PBXFrameworksBuildPhase;
			buildActionMask = 2147483647;
			files = (
			);
			runOnlyForDeploymentPostprocessing = 0;
		};
		75A2A7AC1DA5934300A983D8 /* Frameworks */ = {
			isa = PBXFrameworksBuildPhase;
			buildActionMask = 2147483647;
			files = (
			);
			runOnlyForDeploymentPostprocessing = 0;
		};
		75A2A7C41DA5934300A983D8 /* Frameworks */ = {
			isa = PBXFrameworksBuildPhase;
			buildActionMask = 2147483647;
			files = (
			);
			runOnlyForDeploymentPostprocessing = 0;
		};
		75A2A7ED1DA5935F00A983D8 /* Frameworks */ = {
			isa = PBXFrameworksBuildPhase;
			buildActionMask = 2147483647;
			files = (
				75A2A7F31DA5935F00A983D8 /* Messages.framework in Frameworks */,
			);
			runOnlyForDeploymentPostprocessing = 0;
		};
		75A2A8051DA5936F00A983D8 /* Frameworks */ = {
			isa = PBXFrameworksBuildPhase;
			buildActionMask = 2147483647;
			files = (
				75A2A80A1DA5936F00A983D8 /* NotificationCenter.framework in Frameworks */,
			);
			runOnlyForDeploymentPostprocessing = 0;
		};
		75A2A8191DA5938500A983D8 /* Frameworks */ = {
			isa = PBXFrameworksBuildPhase;
			buildActionMask = 2147483647;
			files = (
			);
			runOnlyForDeploymentPostprocessing = 0;
		};
/* End PBXFrameworksBuildPhase section */

/* Begin PBXGroup section */
		75A2A7871DA5934300A983D8 = {
			isa = PBXGroup;
			children = (
				75A2A7921DA5934300A983D8 /* breadwallet */,
				75A2A7A71DA5934300A983D8 /* breadwalletTests */,
				75A2A7B21DA5934300A983D8 /* breadwalletUITests */,
				75A2A7BC1DA5934300A983D8 /* breadwallet WatchKit App */,
				75A2A7CB1DA5934300A983D8 /* breadwallet WatchKit Extension */,
				75A2A7F41DA5935F00A983D8 /* MessagesExtension */,
				75A2A80B1DA5936F00A983D8 /* TodayExtension */,
				75A2A81D1DA5938500A983D8 /* NotificationServiceExtension */,
				75B6F52F1DA71DCC0031A93F /* Modules */,
				75A2A7F11DA5935F00A983D8 /* Frameworks */,
				75A2A7911DA5934300A983D8 /* Products */,
			);
			sourceTree = "<group>";
		};
		75A2A7911DA5934300A983D8 /* Products */ = {
			isa = PBXGroup;
			children = (
				75A2A7901DA5934300A983D8 /* breadwallet.app */,
				75A2A7A41DA5934300A983D8 /* breadwalletTests.xctest */,
				75A2A7AF1DA5934300A983D8 /* breadwalletUITests.xctest */,
				75A2A7B81DA5934300A983D8 /* breadwallet WatchKit App.app */,
				75A2A7C71DA5934300A983D8 /* breadwallet WatchKit Extension.appex */,
				75A2A7F01DA5935F00A983D8 /* MessagesExtension.appex */,
				75A2A8081DA5936F00A983D8 /* TodayExtension.appex */,
				75A2A81C1DA5938500A983D8 /* NotificationServiceExtension.appex */,
			);
			name = Products;
			sourceTree = "<group>";
		};
		75A2A7921DA5934300A983D8 /* breadwallet */ = {
			isa = PBXGroup;
			children = (
				75A2A87C1DA59E4E00A983D8 /* breadwallet.entitlements */,
				75A2A7931DA5934300A983D8 /* AppDelegate.swift */,
				75A2A7951DA5934300A983D8 /* ViewController.swift */,
				75A2A7971DA5934300A983D8 /* Main.storyboard */,
				75A2A79A1DA5934300A983D8 /* Assets.xcassets */,
				75A2A79C1DA5934300A983D8 /* LaunchScreen.storyboard */,
				75A2A79F1DA5934300A983D8 /* Info.plist */,
			);
			path = breadwallet;
			sourceTree = "<group>";
		};
		75A2A7A71DA5934300A983D8 /* breadwalletTests */ = {
			isa = PBXGroup;
			children = (
				75A2A7A81DA5934300A983D8 /* breadwalletTests.swift */,
				75A2A7AA1DA5934300A983D8 /* Info.plist */,
			);
			path = breadwalletTests;
			sourceTree = "<group>";
		};
		75A2A7B21DA5934300A983D8 /* breadwalletUITests */ = {
			isa = PBXGroup;
			children = (
				75A2A7B31DA5934300A983D8 /* breadwalletUITests.swift */,
				75A2A7B51DA5934300A983D8 /* Info.plist */,
			);
			path = breadwalletUITests;
			sourceTree = "<group>";
		};
		75A2A7BC1DA5934300A983D8 /* breadwallet WatchKit App */ = {
			isa = PBXGroup;
			children = (
				75A2A7BD1DA5934300A983D8 /* Interface.storyboard */,
				75A2A7C01DA5934300A983D8 /* Assets.xcassets */,
				75A2A7C21DA5934300A983D8 /* Info.plist */,
			);
			path = "breadwallet WatchKit App";
			sourceTree = "<group>";
		};
		75A2A7CB1DA5934300A983D8 /* breadwallet WatchKit Extension */ = {
			isa = PBXGroup;
			children = (
				75A2A7CE1DA5934300A983D8 /* InterfaceController.swift */,
				75A2A7D01DA5934300A983D8 /* ExtensionDelegate.swift */,
				75A2A7D21DA5934300A983D8 /* NotificationController.swift */,
				75A2A7D41DA5934300A983D8 /* ComplicationController.swift */,
				75A2A7D61DA5934300A983D8 /* Assets.xcassets */,
				75A2A7D81DA5934400A983D8 /* Info.plist */,
				75A2A7CC1DA5934300A983D8 /* Supporting Files */,
			);
			path = "breadwallet WatchKit Extension";
			sourceTree = "<group>";
		};
		75A2A7CC1DA5934300A983D8 /* Supporting Files */ = {
			isa = PBXGroup;
			children = (
				75A2A7CD1DA5934300A983D8 /* PushNotificationPayload.apns */,
			);
			name = "Supporting Files";
			sourceTree = "<group>";
		};
		75A2A7F11DA5935F00A983D8 /* Frameworks */ = {
			isa = PBXGroup;
			children = (
				75A2A7F21DA5935F00A983D8 /* Messages.framework */,
				75A2A8091DA5936F00A983D8 /* NotificationCenter.framework */,
			);
			name = Frameworks;
			sourceTree = "<group>";
		};
		75A2A7F41DA5935F00A983D8 /* MessagesExtension */ = {
			isa = PBXGroup;
			children = (
				75A2A7F51DA5935F00A983D8 /* MessagesViewController.swift */,
				75A2A7F71DA5935F00A983D8 /* MainInterface.storyboard */,
				75A2A7FA1DA5935F00A983D8 /* Assets.xcassets */,
				75A2A7FC1DA5935F00A983D8 /* Info.plist */,
			);
			path = MessagesExtension;
			sourceTree = "<group>";
		};
		75A2A80B1DA5936F00A983D8 /* TodayExtension */ = {
			isa = PBXGroup;
			children = (
				75A2A80C1DA5936F00A983D8 /* TodayViewController.swift */,
				75A2A80E1DA5936F00A983D8 /* MainInterface.storyboard */,
				75A2A8111DA5936F00A983D8 /* Info.plist */,
			);
			path = TodayExtension;
			sourceTree = "<group>";
		};
		75A2A81D1DA5938500A983D8 /* NotificationServiceExtension */ = {
			isa = PBXGroup;
			children = (
				75A2A81E1DA5938500A983D8 /* NotificationService.swift */,
				75A2A8201DA5938500A983D8 /* Info.plist */,
			);
			path = NotificationServiceExtension;
			sourceTree = "<group>";
		};
		75B6F4621DA71DAA0031A93F /* breadwallet-core */ = {
			isa = PBXGroup;
			children = (
				75B6F4651DA71DAA0031A93F /* BRAddress.c */,
				75B6F4661DA71DAA0031A93F /* BRAddress.h */,
				75B6F4671DA71DAA0031A93F /* BRArray.h */,
				75B6F4681DA71DAA0031A93F /* BRBase58.c */,
				75B6F4691DA71DAA0031A93F /* BRBase58.h */,
				75B6F46A1DA71DAA0031A93F /* BRBIP32Sequence.c */,
				75B6F46B1DA71DAA0031A93F /* BRBIP32Sequence.h */,
				75B6F46C1DA71DAA0031A93F /* BRBIP38Key.c */,
				75B6F46D1DA71DAA0031A93F /* BRBIP38Key.h */,
				75B6F46E1DA71DAA0031A93F /* BRBIP39Mnemonic.c */,
				75B6F46F1DA71DAA0031A93F /* BRBIP39Mnemonic.h */,
				75B6F4701DA71DAA0031A93F /* BRBIP39WordsEn.h */,
				75B6F4711DA71DAA0031A93F /* BRBloomFilter.c */,
				75B6F4721DA71DAA0031A93F /* BRBloomFilter.h */,
				75B6F4741DA71DAA0031A93F /* BRCrypto.c */,
				75B6F4751DA71DAA0031A93F /* BRCrypto.h */,
				75B6F4761DA71DAA0031A93F /* BRInt.h */,
				75B6F4771DA71DAA0031A93F /* BRKey.c */,
				75B6F4781DA71DAA0031A93F /* BRKey.h */,
				75B6F4791DA71DAA0031A93F /* BRMerkleBlock.c */,
				75B6F47A1DA71DAA0031A93F /* BRMerkleBlock.h */,
				75B6F47B1DA71DAA0031A93F /* BRPaymentProtocol.c */,
				75B6F47C1DA71DAA0031A93F /* BRPaymentProtocol.h */,
				75B6F47D1DA71DAA0031A93F /* BRPeer.c */,
				75B6F47E1DA71DAA0031A93F /* BRPeer.h */,
				75B6F47F1DA71DAA0031A93F /* BRPeerManager.c */,
				75B6F4801DA71DAA0031A93F /* BRPeerManager.h */,
				75B6F4811DA71DAA0031A93F /* BRSet.c */,
				75B6F4821DA71DAA0031A93F /* BRSet.h */,
				75B6F4831DA71DAA0031A93F /* BRTransaction.c */,
				75B6F4841DA71DAA0031A93F /* BRTransaction.h */,
				75B6F4851DA71DAA0031A93F /* BRWallet.c */,
				75B6F4861DA71DAA0031A93F /* BRWallet.h */,
				75B6F4881DA71DAA0031A93F /* module.modulemap */,
				75B6F48A1DA71DAA0031A93F /* secp256k1 */,
			);
			path = "breadwallet-core";
			sourceTree = "<group>";
		};
		75B6F48A1DA71DAA0031A93F /* secp256k1 */ = {
			isa = PBXGroup;
			children = (
				75B6F49A1DA71DAA0031A93F /* include */,
				75B6F4A81DA71DAA0031A93F /* src */,
			);
			path = secp256k1;
			sourceTree = "<group>";
		};
		75B6F49A1DA71DAA0031A93F /* include */ = {
			isa = PBXGroup;
			children = (
				75B6F49B1DA71DAA0031A93F /* secp256k1.h */,
				75B6F49C1DA71DAA0031A93F /* secp256k1_ecdh.h */,
				75B6F49D1DA71DAA0031A93F /* secp256k1_recovery.h */,
				75B6F49E1DA71DAA0031A93F /* secp256k1_schnorr.h */,
			);
			path = include;
			sourceTree = "<group>";
		};
		75B6F4A81DA71DAA0031A93F /* src */ = {
			isa = PBXGroup;
			children = (
				75B6F4AB1DA71DAA0031A93F /* basic-config.h */,
				75B6F4B31DA71DAA0031A93F /* ecdsa.h */,
				75B6F4B41DA71DAA0031A93F /* ecdsa_impl.h */,
				75B6F4B51DA71DAA0031A93F /* eckey.h */,
				75B6F4B61DA71DAA0031A93F /* eckey_impl.h */,
				75B6F4B71DA71DAA0031A93F /* ecmult.h */,
				75B6F4B81DA71DAA0031A93F /* ecmult_const.h */,
				75B6F4B91DA71DAA0031A93F /* ecmult_const_impl.h */,
				75B6F4BA1DA71DAA0031A93F /* ecmult_gen.h */,
				75B6F4BB1DA71DAA0031A93F /* ecmult_gen_impl.h */,
				75B6F4BC1DA71DAA0031A93F /* ecmult_impl.h */,
				75B6F4BD1DA71DAA0031A93F /* field.h */,
				75B6F4BE1DA71DAA0031A93F /* field_10x26.h */,
				75B6F4BF1DA71DAA0031A93F /* field_10x26_impl.h */,
				75B6F4C41DA71DAA0031A93F /* field_impl.h */,
				75B6F4C61DA71DAA0031A93F /* group.h */,
				75B6F4C71DA71DAA0031A93F /* group_impl.h */,
				75B6F4C81DA71DAA0031A93F /* hash.h */,
				75B6F4C91DA71DAA0031A93F /* hash_impl.h */,
				75B6F4D51DA71DAA0031A93F /* modules */,
				75B6F4E41DA71DAA0031A93F /* num.h */,
				75B6F4E71DA71DAA0031A93F /* num_impl.h */,
				75B6F4E81DA71DAA0031A93F /* scalar.h */,
				75B6F4EB1DA71DAA0031A93F /* scalar_8x32.h */,
				75B6F4EC1DA71DAA0031A93F /* scalar_8x32_impl.h */,
				75B6F4ED1DA71DAA0031A93F /* scalar_impl.h */,
				75B6F4EE1DA71DAA0031A93F /* secp256k1.c */,
				75B6F4F21DA71DAA0031A93F /* util.h */,
			);
			path = src;
			sourceTree = "<group>";
		};
		75B6F4D51DA71DAA0031A93F /* modules */ = {
			isa = PBXGroup;
			children = (
				75B6F4D61DA71DAA0031A93F /* ecdh */,
				75B6F4DA1DA71DAA0031A93F /* recovery */,
				75B6F4DE1DA71DAA0031A93F /* schnorr */,
			);
			path = modules;
			sourceTree = "<group>";
		};
		75B6F4D61DA71DAA0031A93F /* ecdh */ = {
			isa = PBXGroup;
			children = (
				75B6F4D71DA71DAA0031A93F /* main_impl.h */,
			);
			path = ecdh;
			sourceTree = "<group>";
		};
		75B6F4DA1DA71DAA0031A93F /* recovery */ = {
			isa = PBXGroup;
			children = (
				75B6F4DB1DA71DAA0031A93F /* main_impl.h */,
			);
			path = recovery;
			sourceTree = "<group>";
		};
		75B6F4DE1DA71DAA0031A93F /* schnorr */ = {
			isa = PBXGroup;
			children = (
				75B6F4DF1DA71DAA0031A93F /* main_impl.h */,
				75B6F4E11DA71DAA0031A93F /* schnorr.h */,
				75B6F4E21DA71DAA0031A93F /* schnorr_impl.h */,
			);
			path = schnorr;
			sourceTree = "<group>";
		};
		75B6F52F1DA71DCC0031A93F /* Modules */ = {
			isa = PBXGroup;
			children = (
				75B6F4621DA71DAA0031A93F /* breadwallet-core */,
			);
			name = Modules;
			sourceTree = "<group>";
		};
/* End PBXGroup section */

/* Begin PBXNativeTarget section */
		75A2A78F1DA5934300A983D8 /* breadwallet */ = {
			isa = PBXNativeTarget;
			buildConfigurationList = 75A2A7E31DA5934400A983D8 /* Build configuration list for PBXNativeTarget "breadwallet" */;
			buildPhases = (
				75A2A78C1DA5934300A983D8 /* Sources */,
				75A2A78D1DA5934300A983D8 /* Frameworks */,
				75A2A78E1DA5934300A983D8 /* Resources */,
				75A2A7E21DA5934400A983D8 /* Embed Watch Content */,
				75A2A8031DA5935F00A983D8 /* Embed App Extensions */,
			);
			buildRules = (
			);
			dependencies = (
				75A2A7BB1DA5934300A983D8 /* PBXTargetDependency */,
				75A2A7FE1DA5935F00A983D8 /* PBXTargetDependency */,
				75A2A8131DA5936F00A983D8 /* PBXTargetDependency */,
				75A2A8221DA5938500A983D8 /* PBXTargetDependency */,
			);
			name = breadwallet;
			productName = breadwallet;
			productReference = 75A2A7901DA5934300A983D8 /* breadwallet.app */;
			productType = "com.apple.product-type.application";
		};
		75A2A7A31DA5934300A983D8 /* breadwalletTests */ = {
			isa = PBXNativeTarget;
			buildConfigurationList = 75A2A7E61DA5934400A983D8 /* Build configuration list for PBXNativeTarget "breadwalletTests" */;
			buildPhases = (
				75A2A7A01DA5934300A983D8 /* Sources */,
				75A2A7A11DA5934300A983D8 /* Frameworks */,
				75A2A7A21DA5934300A983D8 /* Resources */,
			);
			buildRules = (
			);
			dependencies = (
				75A2A7A61DA5934300A983D8 /* PBXTargetDependency */,
			);
			name = breadwalletTests;
			productName = breadwalletTests;
			productReference = 75A2A7A41DA5934300A983D8 /* breadwalletTests.xctest */;
			productType = "com.apple.product-type.bundle.unit-test";
		};
		75A2A7AE1DA5934300A983D8 /* breadwalletUITests */ = {
			isa = PBXNativeTarget;
			buildConfigurationList = 75A2A7E91DA5934400A983D8 /* Build configuration list for PBXNativeTarget "breadwalletUITests" */;
			buildPhases = (
				75A2A7AB1DA5934300A983D8 /* Sources */,
				75A2A7AC1DA5934300A983D8 /* Frameworks */,
				75A2A7AD1DA5934300A983D8 /* Resources */,
			);
			buildRules = (
			);
			dependencies = (
				75A2A7B11DA5934300A983D8 /* PBXTargetDependency */,
			);
			name = breadwalletUITests;
			productName = breadwalletUITests;
			productReference = 75A2A7AF1DA5934300A983D8 /* breadwalletUITests.xctest */;
			productType = "com.apple.product-type.bundle.ui-testing";
		};
		75A2A7B71DA5934300A983D8 /* breadwallet WatchKit App */ = {
			isa = PBXNativeTarget;
			buildConfigurationList = 75A2A7DF1DA5934400A983D8 /* Build configuration list for PBXNativeTarget "breadwallet WatchKit App" */;
			buildPhases = (
				75A2A7B61DA5934300A983D8 /* Resources */,
				75A2A7DE1DA5934400A983D8 /* Embed App Extensions */,
			);
			buildRules = (
			);
			dependencies = (
				75A2A7CA1DA5934300A983D8 /* PBXTargetDependency */,
			);
			name = "breadwallet WatchKit App";
			productName = "breadwallet WatchKit App";
			productReference = 75A2A7B81DA5934300A983D8 /* breadwallet WatchKit App.app */;
			productType = "com.apple.product-type.application.watchapp2";
		};
		75A2A7C61DA5934300A983D8 /* breadwallet WatchKit Extension */ = {
			isa = PBXNativeTarget;
			buildConfigurationList = 75A2A7DB1DA5934400A983D8 /* Build configuration list for PBXNativeTarget "breadwallet WatchKit Extension" */;
			buildPhases = (
				75A2A7C31DA5934300A983D8 /* Sources */,
				75A2A7C41DA5934300A983D8 /* Frameworks */,
				75A2A7C51DA5934300A983D8 /* Resources */,
			);
			buildRules = (
			);
			dependencies = (
			);
			name = "breadwallet WatchKit Extension";
			productName = "breadwallet WatchKit Extension";
			productReference = 75A2A7C71DA5934300A983D8 /* breadwallet WatchKit Extension.appex */;
			productType = "com.apple.product-type.watchkit2-extension";
		};
		75A2A7EF1DA5935F00A983D8 /* MessagesExtension */ = {
			isa = PBXNativeTarget;
			buildConfigurationList = 75A2A8001DA5935F00A983D8 /* Build configuration list for PBXNativeTarget "MessagesExtension" */;
			buildPhases = (
				75A2A7EC1DA5935F00A983D8 /* Sources */,
				75A2A7ED1DA5935F00A983D8 /* Frameworks */,
				75A2A7EE1DA5935F00A983D8 /* Resources */,
			);
			buildRules = (
			);
			dependencies = (
			);
			name = MessagesExtension;
			productName = MessagesExtension;
			productReference = 75A2A7F01DA5935F00A983D8 /* MessagesExtension.appex */;
			productType = "com.apple.product-type.app-extension.messages";
		};
		75A2A8071DA5936F00A983D8 /* TodayExtension */ = {
			isa = PBXNativeTarget;
			buildConfigurationList = 75A2A8151DA5936F00A983D8 /* Build configuration list for PBXNativeTarget "TodayExtension" */;
			buildPhases = (
				75A2A8041DA5936F00A983D8 /* Sources */,
				75A2A8051DA5936F00A983D8 /* Frameworks */,
				75A2A8061DA5936F00A983D8 /* Resources */,
			);
			buildRules = (
			);
			dependencies = (
			);
			name = TodayExtension;
			productName = TodayExtension;
			productReference = 75A2A8081DA5936F00A983D8 /* TodayExtension.appex */;
			productType = "com.apple.product-type.app-extension";
		};
		75A2A81B1DA5938500A983D8 /* NotificationServiceExtension */ = {
			isa = PBXNativeTarget;
			buildConfigurationList = 75A2A8241DA5938500A983D8 /* Build configuration list for PBXNativeTarget "NotificationServiceExtension" */;
			buildPhases = (
				75A2A8181DA5938500A983D8 /* Sources */,
				75A2A8191DA5938500A983D8 /* Frameworks */,
				75A2A81A1DA5938500A983D8 /* Resources */,
			);
			buildRules = (
			);
			dependencies = (
			);
			name = NotificationServiceExtension;
			productName = NotificationServiceExtension;
			productReference = 75A2A81C1DA5938500A983D8 /* NotificationServiceExtension.appex */;
			productType = "com.apple.product-type.app-extension";
		};
/* End PBXNativeTarget section */

/* Begin PBXProject section */
		75A2A7881DA5934300A983D8 /* Project object */ = {
			isa = PBXProject;
			attributes = {
				CLASSPREFIX = BR;
				LastSwiftUpdateCheck = 0800;
				LastUpgradeCheck = 0800;
				ORGANIZATIONNAME = "breadwallet LLC";
				TargetAttributes = {
					75A2A78F1DA5934300A983D8 = {
						CreatedOnToolsVersion = 8.0;
						ProvisioningStyle = Automatic;
						SystemCapabilities = {
							com.apple.ApplicationGroups.iOS = {
								enabled = 1;
							};
							com.apple.BackgroundModes = {
								enabled = 1;
							};
							com.apple.DataProtection = {
								enabled = 1;
							};
							com.apple.Push = {
								enabled = 1;
							};
						};
					};
					75A2A7A31DA5934300A983D8 = {
						CreatedOnToolsVersion = 8.0;
						ProvisioningStyle = Automatic;
						TestTargetID = 75A2A78F1DA5934300A983D8;
					};
					75A2A7AE1DA5934300A983D8 = {
						CreatedOnToolsVersion = 8.0;
						ProvisioningStyle = Automatic;
						TestTargetID = 75A2A78F1DA5934300A983D8;
					};
					75A2A7B71DA5934300A983D8 = {
						CreatedOnToolsVersion = 8.0;
						ProvisioningStyle = Automatic;
					};
					75A2A7C61DA5934300A983D8 = {
						CreatedOnToolsVersion = 8.0;
						ProvisioningStyle = Automatic;
					};
					75A2A7EF1DA5935F00A983D8 = {
						CreatedOnToolsVersion = 8.0;
						ProvisioningStyle = Automatic;
					};
					75A2A8071DA5936F00A983D8 = {
						CreatedOnToolsVersion = 8.0;
						ProvisioningStyle = Automatic;
					};
					75A2A81B1DA5938500A983D8 = {
						CreatedOnToolsVersion = 8.0;
						ProvisioningStyle = Automatic;
					};
				};
			};
			buildConfigurationList = 75A2A78B1DA5934300A983D8 /* Build configuration list for PBXProject "breadwallet" */;
			compatibilityVersion = "Xcode 8.0";
			developmentRegion = English;
			hasScannedForEncodings = 0;
			knownRegions = (
				en,
				Base,
			);
			mainGroup = 75A2A7871DA5934300A983D8;
			productRefGroup = 75A2A7911DA5934300A983D8 /* Products */;
			projectDirPath = "";
			projectRoot = "";
			targets = (
				75A2A78F1DA5934300A983D8 /* breadwallet */,
				75A2A7A31DA5934300A983D8 /* breadwalletTests */,
				75A2A7AE1DA5934300A983D8 /* breadwalletUITests */,
				75A2A7B71DA5934300A983D8 /* breadwallet WatchKit App */,
				75A2A7C61DA5934300A983D8 /* breadwallet WatchKit Extension */,
				75A2A7EF1DA5935F00A983D8 /* MessagesExtension */,
				75A2A8071DA5936F00A983D8 /* TodayExtension */,
				75A2A81B1DA5938500A983D8 /* NotificationServiceExtension */,
			);
		};
/* End PBXProject section */

/* Begin PBXResourcesBuildPhase section */
		75A2A78E1DA5934300A983D8 /* Resources */ = {
			isa = PBXResourcesBuildPhase;
			buildActionMask = 2147483647;
			files = (
				75A2A79E1DA5934300A983D8 /* LaunchScreen.storyboard in Resources */,
				75A2A79B1DA5934300A983D8 /* Assets.xcassets in Resources */,
				75A2A7991DA5934300A983D8 /* Main.storyboard in Resources */,
			);
			runOnlyForDeploymentPostprocessing = 0;
		};
		75A2A7A21DA5934300A983D8 /* Resources */ = {
			isa = PBXResourcesBuildPhase;
			buildActionMask = 2147483647;
			files = (
			);
			runOnlyForDeploymentPostprocessing = 0;
		};
		75A2A7AD1DA5934300A983D8 /* Resources */ = {
			isa = PBXResourcesBuildPhase;
			buildActionMask = 2147483647;
			files = (
			);
			runOnlyForDeploymentPostprocessing = 0;
		};
		75A2A7B61DA5934300A983D8 /* Resources */ = {
			isa = PBXResourcesBuildPhase;
			buildActionMask = 2147483647;
			files = (
				75A2A7C11DA5934300A983D8 /* Assets.xcassets in Resources */,
				75A2A7BF1DA5934300A983D8 /* Interface.storyboard in Resources */,
			);
			runOnlyForDeploymentPostprocessing = 0;
		};
		75A2A7C51DA5934300A983D8 /* Resources */ = {
			isa = PBXResourcesBuildPhase;
			buildActionMask = 2147483647;
			files = (
				75A2A7D71DA5934400A983D8 /* Assets.xcassets in Resources */,
			);
			runOnlyForDeploymentPostprocessing = 0;
		};
		75A2A7EE1DA5935F00A983D8 /* Resources */ = {
			isa = PBXResourcesBuildPhase;
			buildActionMask = 2147483647;
			files = (
				75A2A7FB1DA5935F00A983D8 /* Assets.xcassets in Resources */,
				75A2A7F91DA5935F00A983D8 /* MainInterface.storyboard in Resources */,
			);
			runOnlyForDeploymentPostprocessing = 0;
		};
		75A2A8061DA5936F00A983D8 /* Resources */ = {
			isa = PBXResourcesBuildPhase;
			buildActionMask = 2147483647;
			files = (
				75A2A8101DA5936F00A983D8 /* MainInterface.storyboard in Resources */,
			);
			runOnlyForDeploymentPostprocessing = 0;
		};
		75A2A81A1DA5938500A983D8 /* Resources */ = {
			isa = PBXResourcesBuildPhase;
			buildActionMask = 2147483647;
			files = (
			);
			runOnlyForDeploymentPostprocessing = 0;
		};
/* End PBXResourcesBuildPhase section */

/* Begin PBXSourcesBuildPhase section */
		75A2A78C1DA5934300A983D8 /* Sources */ = {
			isa = PBXSourcesBuildPhase;
			buildActionMask = 2147483647;
			files = (
				75B6F5001DA71DAA0031A93F /* BRPaymentProtocol.c in Sources */,
				75A2A7961DA5934300A983D8 /* ViewController.swift in Sources */,
				75B6F4FF1DA71DAA0031A93F /* BRMerkleBlock.c in Sources */,
				75B6F4F71DA71DAA0031A93F /* BRAddress.c in Sources */,
				75B6F4FD1DA71DAA0031A93F /* BRCrypto.c in Sources */,
				75B6F4FB1DA71DAA0031A93F /* BRBIP39Mnemonic.c in Sources */,
				75B6F5031DA71DAA0031A93F /* BRSet.c in Sources */,
				75B6F4FC1DA71DAA0031A93F /* BRBloomFilter.c in Sources */,
				75B6F4F91DA71DAA0031A93F /* BRBIP32Sequence.c in Sources */,
				75A2A7941DA5934300A983D8 /* AppDelegate.swift in Sources */,
				75B6F5051DA71DAA0031A93F /* BRWallet.c in Sources */,
				75B6F5041DA71DAA0031A93F /* BRTransaction.c in Sources */,
				75B6F4FA1DA71DAA0031A93F /* BRBIP38Key.c in Sources */,
				75B6F4F81DA71DAA0031A93F /* BRBase58.c in Sources */,
				75B6F5021DA71DAA0031A93F /* BRPeerManager.c in Sources */,
				75B6F5011DA71DAA0031A93F /* BRPeer.c in Sources */,
				75B6F4FE1DA71DAA0031A93F /* BRKey.c in Sources */,
			);
			runOnlyForDeploymentPostprocessing = 0;
		};
		75A2A7A01DA5934300A983D8 /* Sources */ = {
			isa = PBXSourcesBuildPhase;
			buildActionMask = 2147483647;
			files = (
				75A2A7A91DA5934300A983D8 /* breadwalletTests.swift in Sources */,
			);
			runOnlyForDeploymentPostprocessing = 0;
		};
		75A2A7AB1DA5934300A983D8 /* Sources */ = {
			isa = PBXSourcesBuildPhase;
			buildActionMask = 2147483647;
			files = (
				75A2A7B41DA5934300A983D8 /* breadwalletUITests.swift in Sources */,
			);
			runOnlyForDeploymentPostprocessing = 0;
		};
		75A2A7C31DA5934300A983D8 /* Sources */ = {
			isa = PBXSourcesBuildPhase;
			buildActionMask = 2147483647;
			files = (
				75A2A7D31DA5934300A983D8 /* NotificationController.swift in Sources */,
				75A2A7D51DA5934300A983D8 /* ComplicationController.swift in Sources */,
				75A2A7D11DA5934300A983D8 /* ExtensionDelegate.swift in Sources */,
				75A2A7CF1DA5934300A983D8 /* InterfaceController.swift in Sources */,
			);
			runOnlyForDeploymentPostprocessing = 0;
		};
		75A2A7EC1DA5935F00A983D8 /* Sources */ = {
			isa = PBXSourcesBuildPhase;
			buildActionMask = 2147483647;
			files = (
				75A2A7F61DA5935F00A983D8 /* MessagesViewController.swift in Sources */,
			);
			runOnlyForDeploymentPostprocessing = 0;
		};
		75A2A8041DA5936F00A983D8 /* Sources */ = {
			isa = PBXSourcesBuildPhase;
			buildActionMask = 2147483647;
			files = (
				75A2A80D1DA5936F00A983D8 /* TodayViewController.swift in Sources */,
			);
			runOnlyForDeploymentPostprocessing = 0;
		};
		75A2A8181DA5938500A983D8 /* Sources */ = {
			isa = PBXSourcesBuildPhase;
			buildActionMask = 2147483647;
			files = (
				75A2A81F1DA5938500A983D8 /* NotificationService.swift in Sources */,
			);
			runOnlyForDeploymentPostprocessing = 0;
		};
/* End PBXSourcesBuildPhase section */

/* Begin PBXTargetDependency section */
		75A2A7A61DA5934300A983D8 /* PBXTargetDependency */ = {
			isa = PBXTargetDependency;
			target = 75A2A78F1DA5934300A983D8 /* breadwallet */;
			targetProxy = 75A2A7A51DA5934300A983D8 /* PBXContainerItemProxy */;
		};
		75A2A7B11DA5934300A983D8 /* PBXTargetDependency */ = {
			isa = PBXTargetDependency;
			target = 75A2A78F1DA5934300A983D8 /* breadwallet */;
			targetProxy = 75A2A7B01DA5934300A983D8 /* PBXContainerItemProxy */;
		};
		75A2A7BB1DA5934300A983D8 /* PBXTargetDependency */ = {
			isa = PBXTargetDependency;
			target = 75A2A7B71DA5934300A983D8 /* breadwallet WatchKit App */;
			targetProxy = 75A2A7BA1DA5934300A983D8 /* PBXContainerItemProxy */;
		};
		75A2A7CA1DA5934300A983D8 /* PBXTargetDependency */ = {
			isa = PBXTargetDependency;
			target = 75A2A7C61DA5934300A983D8 /* breadwallet WatchKit Extension */;
			targetProxy = 75A2A7C91DA5934300A983D8 /* PBXContainerItemProxy */;
		};
		75A2A7FE1DA5935F00A983D8 /* PBXTargetDependency */ = {
			isa = PBXTargetDependency;
			target = 75A2A7EF1DA5935F00A983D8 /* MessagesExtension */;
			targetProxy = 75A2A7FD1DA5935F00A983D8 /* PBXContainerItemProxy */;
		};
		75A2A8131DA5936F00A983D8 /* PBXTargetDependency */ = {
			isa = PBXTargetDependency;
			target = 75A2A8071DA5936F00A983D8 /* TodayExtension */;
			targetProxy = 75A2A8121DA5936F00A983D8 /* PBXContainerItemProxy */;
		};
		75A2A8221DA5938500A983D8 /* PBXTargetDependency */ = {
			isa = PBXTargetDependency;
			target = 75A2A81B1DA5938500A983D8 /* NotificationServiceExtension */;
			targetProxy = 75A2A8211DA5938500A983D8 /* PBXContainerItemProxy */;
		};
/* End PBXTargetDependency section */

/* Begin PBXVariantGroup section */
		75A2A7971DA5934300A983D8 /* Main.storyboard */ = {
			isa = PBXVariantGroup;
			children = (
				75A2A7981DA5934300A983D8 /* Base */,
				75A2A8271DA59B2A00A983D8 /* fr */,
				75A2A82C1DA59B2F00A983D8 /* de */,
				75A2A8311DA59B3600A983D8 /* zh-Hans */,
				75A2A8361DA59B3C00A983D8 /* ja */,
				75A2A83B1DA59B4500A983D8 /* es */,
				75A2A8401DA59B4B00A983D8 /* it */,
				75A2A8451DA59B5100A983D8 /* nl */,
				75A2A84A1DA59B5700A983D8 /* ko */,
				75A2A84F1DA59B6300A983D8 /* pt-BR */,
				75A2A8541DA59B6900A983D8 /* da */,
				75A2A8591DA59BBF00A983D8 /* nb */,
				75A2A85E1DA59BF500A983D8 /* sv */,
				75A2A8631DA59BFB00A983D8 /* ru */,
				75A2A8681DA59C0900A983D8 /* pl */,
				75A2A86D1DA59C1500A983D8 /* tr */,
				75A2A8721DA59C8500A983D8 /* hu */,
				75A2A8771DA59C8B00A983D8 /* el */,
			);
			name = Main.storyboard;
			sourceTree = "<group>";
		};
		75A2A79C1DA5934300A983D8 /* LaunchScreen.storyboard */ = {
			isa = PBXVariantGroup;
			children = (
				75A2A79D1DA5934300A983D8 /* Base */,
				75A2A8281DA59B2A00A983D8 /* fr */,
				75A2A82D1DA59B2F00A983D8 /* de */,
				75A2A8321DA59B3600A983D8 /* zh-Hans */,
				75A2A8371DA59B3C00A983D8 /* ja */,
				75A2A83C1DA59B4500A983D8 /* es */,
				75A2A8411DA59B4B00A983D8 /* it */,
				75A2A8461DA59B5100A983D8 /* nl */,
				75A2A84B1DA59B5700A983D8 /* ko */,
				75A2A8501DA59B6300A983D8 /* pt-BR */,
				75A2A8551DA59B6900A983D8 /* da */,
				75A2A85A1DA59BBF00A983D8 /* nb */,
				75A2A85F1DA59BF500A983D8 /* sv */,
				75A2A8641DA59BFB00A983D8 /* ru */,
				75A2A8691DA59C0900A983D8 /* pl */,
				75A2A86E1DA59C1500A983D8 /* tr */,
				75A2A8731DA59C8500A983D8 /* hu */,
				75A2A8781DA59C8B00A983D8 /* el */,
			);
			name = LaunchScreen.storyboard;
			sourceTree = "<group>";
		};
		75A2A7BD1DA5934300A983D8 /* Interface.storyboard */ = {
			isa = PBXVariantGroup;
			children = (
				75A2A7BE1DA5934300A983D8 /* Base */,
				75A2A8291DA59B2A00A983D8 /* fr */,
				75A2A82E1DA59B2F00A983D8 /* de */,
				75A2A8331DA59B3600A983D8 /* zh-Hans */,
				75A2A8381DA59B3C00A983D8 /* ja */,
				75A2A83D1DA59B4500A983D8 /* es */,
				75A2A8421DA59B4B00A983D8 /* it */,
				75A2A8471DA59B5100A983D8 /* nl */,
				75A2A84C1DA59B5700A983D8 /* ko */,
				75A2A8511DA59B6300A983D8 /* pt-BR */,
				75A2A8561DA59B6A00A983D8 /* da */,
				75A2A85B1DA59BBF00A983D8 /* nb */,
				75A2A8601DA59BF500A983D8 /* sv */,
				75A2A8651DA59BFB00A983D8 /* ru */,
				75A2A86A1DA59C0900A983D8 /* pl */,
				75A2A86F1DA59C1500A983D8 /* tr */,
				75A2A8741DA59C8500A983D8 /* hu */,
				75A2A8791DA59C8B00A983D8 /* el */,
			);
			name = Interface.storyboard;
			sourceTree = "<group>";
		};
		75A2A7F71DA5935F00A983D8 /* MainInterface.storyboard */ = {
			isa = PBXVariantGroup;
			children = (
				75A2A7F81DA5935F00A983D8 /* Base */,
				75A2A82A1DA59B2A00A983D8 /* fr */,
				75A2A82F1DA59B2F00A983D8 /* de */,
				75A2A8341DA59B3600A983D8 /* zh-Hans */,
				75A2A8391DA59B3C00A983D8 /* ja */,
				75A2A83E1DA59B4500A983D8 /* es */,
				75A2A8431DA59B4B00A983D8 /* it */,
				75A2A8481DA59B5100A983D8 /* nl */,
				75A2A84D1DA59B5700A983D8 /* ko */,
				75A2A8521DA59B6300A983D8 /* pt-BR */,
				75A2A8571DA59B6A00A983D8 /* da */,
				75A2A85C1DA59BBF00A983D8 /* nb */,
				75A2A8611DA59BF500A983D8 /* sv */,
				75A2A8661DA59BFB00A983D8 /* ru */,
				75A2A86B1DA59C0900A983D8 /* pl */,
				75A2A8701DA59C1500A983D8 /* tr */,
				75A2A8751DA59C8500A983D8 /* hu */,
				75A2A87A1DA59C8B00A983D8 /* el */,
			);
			name = MainInterface.storyboard;
			sourceTree = "<group>";
		};
		75A2A80E1DA5936F00A983D8 /* MainInterface.storyboard */ = {
			isa = PBXVariantGroup;
			children = (
				75A2A80F1DA5936F00A983D8 /* Base */,
				75A2A82B1DA59B2A00A983D8 /* fr */,
				75A2A8301DA59B2F00A983D8 /* de */,
				75A2A8351DA59B3600A983D8 /* zh-Hans */,
				75A2A83A1DA59B3C00A983D8 /* ja */,
				75A2A83F1DA59B4500A983D8 /* es */,
				75A2A8441DA59B4B00A983D8 /* it */,
				75A2A8491DA59B5100A983D8 /* nl */,
				75A2A84E1DA59B5700A983D8 /* ko */,
				75A2A8531DA59B6300A983D8 /* pt-BR */,
				75A2A8581DA59B6A00A983D8 /* da */,
				75A2A85D1DA59BBF00A983D8 /* nb */,
				75A2A8621DA59BF500A983D8 /* sv */,
				75A2A8671DA59BFB00A983D8 /* ru */,
				75A2A86C1DA59C0900A983D8 /* pl */,
				75A2A8711DA59C1500A983D8 /* tr */,
				75A2A8761DA59C8500A983D8 /* hu */,
				75A2A87B1DA59C8B00A983D8 /* el */,
			);
			name = MainInterface.storyboard;
			sourceTree = "<group>";
		};
/* End PBXVariantGroup section */

/* Begin XCBuildConfiguration section */
		75A2A7D91DA5934400A983D8 /* Debug */ = {
			isa = XCBuildConfiguration;
			buildSettings = {
				ALWAYS_SEARCH_USER_PATHS = NO;
				CLANG_ANALYZER_LOCALIZABILITY_NONLOCALIZED = YES;
				CLANG_ANALYZER_NONNULL = YES;
				CLANG_CXX_LANGUAGE_STANDARD = "gnu++0x";
				CLANG_CXX_LIBRARY = "libc++";
				CLANG_ENABLE_MODULES = YES;
				CLANG_ENABLE_OBJC_ARC = YES;
				CLANG_WARN_BOOL_CONVERSION = YES;
				CLANG_WARN_CONSTANT_CONVERSION = YES;
				CLANG_WARN_DIRECT_OBJC_ISA_USAGE = YES_ERROR;
				CLANG_WARN_DOCUMENTATION_COMMENTS = YES;
				CLANG_WARN_EMPTY_BODY = YES;
				CLANG_WARN_ENUM_CONVERSION = YES;
				CLANG_WARN_INFINITE_RECURSION = YES;
				CLANG_WARN_INT_CONVERSION = YES;
				CLANG_WARN_OBJC_ROOT_CLASS = YES_ERROR;
				CLANG_WARN_SUSPICIOUS_MOVES = YES;
				CLANG_WARN_UNREACHABLE_CODE = YES;
				CLANG_WARN__DUPLICATE_METHOD_MATCH = YES;
				"CODE_SIGN_IDENTITY[sdk=iphoneos*]" = "iPhone Developer";
				COPY_PHASE_STRIP = NO;
				DEBUG_INFORMATION_FORMAT = dwarf;
				ENABLE_STRICT_OBJC_MSGSEND = YES;
				ENABLE_TESTABILITY = YES;
				GCC_C_LANGUAGE_STANDARD = gnu99;
				GCC_DYNAMIC_NO_PIC = NO;
				GCC_NO_COMMON_BLOCKS = YES;
				GCC_OPTIMIZATION_LEVEL = 0;
				GCC_PREPROCESSOR_DEFINITIONS = (
					"DEBUG=1",
					"$(inherited)",
				);
				GCC_WARN_64_TO_32_BIT_CONVERSION = YES;
				GCC_WARN_ABOUT_RETURN_TYPE = YES_ERROR;
				GCC_WARN_UNDECLARED_SELECTOR = YES;
				GCC_WARN_UNINITIALIZED_AUTOS = YES_AGGRESSIVE;
				GCC_WARN_UNUSED_FUNCTION = YES;
				GCC_WARN_UNUSED_VARIABLE = YES;
				HEADER_SEARCH_PATHS = "${SRCROOT}/breadwallet-core/secp256k1";
				IPHONEOS_DEPLOYMENT_TARGET = 8.4;
				MTL_ENABLE_DEBUG_INFO = YES;
				ONLY_ACTIVE_ARCH = YES;
				SDKROOT = iphoneos;
				SWIFT_ACTIVE_COMPILATION_CONDITIONS = DEBUG;
				SWIFT_INCLUDE_PATHS = "${SRCROOT}/breadwallet-core";
				SWIFT_OPTIMIZATION_LEVEL = "-Onone";
				TARGETED_DEVICE_FAMILY = "1,2";
			};
			name = Debug;
		};
		75A2A7DA1DA5934400A983D8 /* Release */ = {
			isa = XCBuildConfiguration;
			buildSettings = {
				ALWAYS_SEARCH_USER_PATHS = NO;
				CLANG_ANALYZER_LOCALIZABILITY_NONLOCALIZED = YES;
				CLANG_ANALYZER_NONNULL = YES;
				CLANG_CXX_LANGUAGE_STANDARD = "gnu++0x";
				CLANG_CXX_LIBRARY = "libc++";
				CLANG_ENABLE_MODULES = YES;
				CLANG_ENABLE_OBJC_ARC = YES;
				CLANG_WARN_BOOL_CONVERSION = YES;
				CLANG_WARN_CONSTANT_CONVERSION = YES;
				CLANG_WARN_DIRECT_OBJC_ISA_USAGE = YES_ERROR;
				CLANG_WARN_DOCUMENTATION_COMMENTS = YES;
				CLANG_WARN_EMPTY_BODY = YES;
				CLANG_WARN_ENUM_CONVERSION = YES;
				CLANG_WARN_INFINITE_RECURSION = YES;
				CLANG_WARN_INT_CONVERSION = YES;
				CLANG_WARN_OBJC_ROOT_CLASS = YES_ERROR;
				CLANG_WARN_SUSPICIOUS_MOVES = YES;
				CLANG_WARN_UNREACHABLE_CODE = YES;
				CLANG_WARN__DUPLICATE_METHOD_MATCH = YES;
				"CODE_SIGN_IDENTITY[sdk=iphoneos*]" = "iPhone Developer";
				COPY_PHASE_STRIP = NO;
				DEBUG_INFORMATION_FORMAT = "dwarf-with-dsym";
				ENABLE_NS_ASSERTIONS = NO;
				ENABLE_STRICT_OBJC_MSGSEND = YES;
				GCC_C_LANGUAGE_STANDARD = gnu99;
				GCC_NO_COMMON_BLOCKS = YES;
				GCC_WARN_64_TO_32_BIT_CONVERSION = YES;
				GCC_WARN_ABOUT_RETURN_TYPE = YES_ERROR;
				GCC_WARN_UNDECLARED_SELECTOR = YES;
				GCC_WARN_UNINITIALIZED_AUTOS = YES_AGGRESSIVE;
				GCC_WARN_UNUSED_FUNCTION = YES;
				GCC_WARN_UNUSED_VARIABLE = YES;
				HEADER_SEARCH_PATHS = "${SRCROOT}/breadwallet-core/secp256k1";
				IPHONEOS_DEPLOYMENT_TARGET = 8.4;
				MTL_ENABLE_DEBUG_INFO = NO;
				SDKROOT = iphoneos;
				SWIFT_INCLUDE_PATHS = "${SRCROOT}/breadwallet-core";
				SWIFT_OPTIMIZATION_LEVEL = "-Owholemodule";
				TARGETED_DEVICE_FAMILY = "1,2";
				VALIDATE_PRODUCT = YES;
			};
			name = Release;
		};
		75A2A7DC1DA5934400A983D8 /* Debug */ = {
			isa = XCBuildConfiguration;
			buildSettings = {
				ASSETCATALOG_COMPILER_COMPLICATION_NAME = Complication;
				DEVELOPMENT_TEAM = 4R7S6N88W9;
				INFOPLIST_FILE = "breadwallet WatchKit Extension/Info.plist";
				LD_RUNPATH_SEARCH_PATHS = "$(inherited) @executable_path/Frameworks @executable_path/../../Frameworks";
				PRODUCT_BUNDLE_IDENTIFIER = org.voisine.breadwallet.watchkitapp.watchkitextension;
				PRODUCT_NAME = "${TARGET_NAME}";
				SDKROOT = watchos;
				SKIP_INSTALL = YES;
				SWIFT_VERSION = 3.0;
				TARGETED_DEVICE_FAMILY = 4;
				WATCHOS_DEPLOYMENT_TARGET = 3.0;
			};
			name = Debug;
		};
		75A2A7DD1DA5934400A983D8 /* Release */ = {
			isa = XCBuildConfiguration;
			buildSettings = {
				ASSETCATALOG_COMPILER_COMPLICATION_NAME = Complication;
				DEVELOPMENT_TEAM = 4R7S6N88W9;
				INFOPLIST_FILE = "breadwallet WatchKit Extension/Info.plist";
				LD_RUNPATH_SEARCH_PATHS = "$(inherited) @executable_path/Frameworks @executable_path/../../Frameworks";
				PRODUCT_BUNDLE_IDENTIFIER = org.voisine.breadwallet.watchkitapp.watchkitextension;
				PRODUCT_NAME = "${TARGET_NAME}";
				SDKROOT = watchos;
				SKIP_INSTALL = YES;
				SWIFT_VERSION = 3.0;
				TARGETED_DEVICE_FAMILY = 4;
				WATCHOS_DEPLOYMENT_TARGET = 3.0;
			};
			name = Release;
		};
		75A2A7E01DA5934400A983D8 /* Debug */ = {
			isa = XCBuildConfiguration;
			buildSettings = {
				ALWAYS_EMBED_SWIFT_STANDARD_LIBRARIES = YES;
				ASSETCATALOG_COMPILER_APPICON_NAME = AppIcon;
				DEVELOPMENT_TEAM = 4R7S6N88W9;
				IBSC_MODULE = breadwallet_WatchKit_Extension;
				INFOPLIST_FILE = "breadwallet WatchKit App/Info.plist";
				PRODUCT_BUNDLE_IDENTIFIER = org.voisine.breadwallet.watchkitapp;
				PRODUCT_NAME = "$(TARGET_NAME)";
				SDKROOT = watchos;
				SKIP_INSTALL = YES;
				SWIFT_VERSION = 3.0;
				TARGETED_DEVICE_FAMILY = 4;
				WATCHOS_DEPLOYMENT_TARGET = 3.0;
			};
			name = Debug;
		};
		75A2A7E11DA5934400A983D8 /* Release */ = {
			isa = XCBuildConfiguration;
			buildSettings = {
				ALWAYS_EMBED_SWIFT_STANDARD_LIBRARIES = YES;
				ASSETCATALOG_COMPILER_APPICON_NAME = AppIcon;
				DEVELOPMENT_TEAM = 4R7S6N88W9;
				IBSC_MODULE = breadwallet_WatchKit_Extension;
				INFOPLIST_FILE = "breadwallet WatchKit App/Info.plist";
				PRODUCT_BUNDLE_IDENTIFIER = org.voisine.breadwallet.watchkitapp;
				PRODUCT_NAME = "$(TARGET_NAME)";
				SDKROOT = watchos;
				SKIP_INSTALL = YES;
				SWIFT_VERSION = 3.0;
				TARGETED_DEVICE_FAMILY = 4;
				WATCHOS_DEPLOYMENT_TARGET = 3.0;
			};
			name = Release;
		};
		75A2A7E41DA5934400A983D8 /* Debug */ = {
			isa = XCBuildConfiguration;
			buildSettings = {
				ALWAYS_EMBED_SWIFT_STANDARD_LIBRARIES = YES;
				ASSETCATALOG_COMPILER_APPICON_NAME = AppIcon;
				CODE_SIGN_ENTITLEMENTS = breadwallet/breadwallet.entitlements;
				DEVELOPMENT_TEAM = 4R7S6N88W9;
				INFOPLIST_FILE = breadwallet/Info.plist;
				LD_RUNPATH_SEARCH_PATHS = "$(inherited) @executable_path/Frameworks";
				PRODUCT_BUNDLE_IDENTIFIER = org.voisine.breadwallet;
				PRODUCT_NAME = "$(TARGET_NAME)";
				SWIFT_VERSION = 3.0;
			};
			name = Debug;
		};
		75A2A7E51DA5934400A983D8 /* Release */ = {
			isa = XCBuildConfiguration;
			buildSettings = {
				ALWAYS_EMBED_SWIFT_STANDARD_LIBRARIES = YES;
				ASSETCATALOG_COMPILER_APPICON_NAME = AppIcon;
				CODE_SIGN_ENTITLEMENTS = breadwallet/breadwallet.entitlements;
				DEVELOPMENT_TEAM = 4R7S6N88W9;
				INFOPLIST_FILE = breadwallet/Info.plist;
				LD_RUNPATH_SEARCH_PATHS = "$(inherited) @executable_path/Frameworks";
				PRODUCT_BUNDLE_IDENTIFIER = org.voisine.breadwallet;
				PRODUCT_NAME = "$(TARGET_NAME)";
				SWIFT_VERSION = 3.0;
			};
			name = Release;
		};
		75A2A7E71DA5934400A983D8 /* Debug */ = {
			isa = XCBuildConfiguration;
			buildSettings = {
				ALWAYS_EMBED_SWIFT_STANDARD_LIBRARIES = YES;
				BUNDLE_LOADER = "$(TEST_HOST)";
				DEVELOPMENT_TEAM = 4R7S6N88W9;
				INFOPLIST_FILE = breadwalletTests/Info.plist;
				LD_RUNPATH_SEARCH_PATHS = "$(inherited) @executable_path/Frameworks @loader_path/Frameworks";
				PRODUCT_BUNDLE_IDENTIFIER = org.voisine.breadwalletTests;
				PRODUCT_NAME = "$(TARGET_NAME)";
				SWIFT_VERSION = 3.0;
				TEST_HOST = "$(BUILT_PRODUCTS_DIR)/breadwallet.app/breadwallet";
			};
			name = Debug;
		};
		75A2A7E81DA5934400A983D8 /* Release */ = {
			isa = XCBuildConfiguration;
			buildSettings = {
				ALWAYS_EMBED_SWIFT_STANDARD_LIBRARIES = YES;
				BUNDLE_LOADER = "$(TEST_HOST)";
				DEVELOPMENT_TEAM = 4R7S6N88W9;
				INFOPLIST_FILE = breadwalletTests/Info.plist;
				LD_RUNPATH_SEARCH_PATHS = "$(inherited) @executable_path/Frameworks @loader_path/Frameworks";
				PRODUCT_BUNDLE_IDENTIFIER = org.voisine.breadwalletTests;
				PRODUCT_NAME = "$(TARGET_NAME)";
				SWIFT_VERSION = 3.0;
				TEST_HOST = "$(BUILT_PRODUCTS_DIR)/breadwallet.app/breadwallet";
			};
			name = Release;
		};
		75A2A7EA1DA5934400A983D8 /* Debug */ = {
			isa = XCBuildConfiguration;
			buildSettings = {
				ALWAYS_EMBED_SWIFT_STANDARD_LIBRARIES = YES;
				DEVELOPMENT_TEAM = 4R7S6N88W9;
				INFOPLIST_FILE = breadwalletUITests/Info.plist;
				LD_RUNPATH_SEARCH_PATHS = "$(inherited) @executable_path/Frameworks @loader_path/Frameworks";
				PRODUCT_BUNDLE_IDENTIFIER = org.voisine.breadwalletUITests;
				PRODUCT_NAME = "$(TARGET_NAME)";
				SWIFT_VERSION = 3.0;
				TEST_TARGET_NAME = breadwallet;
			};
			name = Debug;
		};
		75A2A7EB1DA5934400A983D8 /* Release */ = {
			isa = XCBuildConfiguration;
			buildSettings = {
				ALWAYS_EMBED_SWIFT_STANDARD_LIBRARIES = YES;
				DEVELOPMENT_TEAM = 4R7S6N88W9;
				INFOPLIST_FILE = breadwalletUITests/Info.plist;
				LD_RUNPATH_SEARCH_PATHS = "$(inherited) @executable_path/Frameworks @loader_path/Frameworks";
				PRODUCT_BUNDLE_IDENTIFIER = org.voisine.breadwalletUITests;
				PRODUCT_NAME = "$(TARGET_NAME)";
				SWIFT_VERSION = 3.0;
				TEST_TARGET_NAME = breadwallet;
			};
			name = Release;
		};
		75A2A8011DA5935F00A983D8 /* Debug */ = {
			isa = XCBuildConfiguration;
			buildSettings = {
				ASSETCATALOG_COMPILER_APPICON_NAME = "iMessage App Icon";
				DEVELOPMENT_TEAM = 4R7S6N88W9;
				INFOPLIST_FILE = MessagesExtension/Info.plist;
				IPHONEOS_DEPLOYMENT_TARGET = 10.0;
				LD_RUNPATH_SEARCH_PATHS = "$(inherited) @executable_path/Frameworks @executable_path/../../Frameworks";
				PRODUCT_BUNDLE_IDENTIFIER = org.voisine.breadwallet.MessagesExtension;
				PRODUCT_NAME = "$(TARGET_NAME)";
				SKIP_INSTALL = YES;
				SWIFT_VERSION = 3.0;
			};
			name = Debug;
		};
		75A2A8021DA5935F00A983D8 /* Release */ = {
			isa = XCBuildConfiguration;
			buildSettings = {
				ASSETCATALOG_COMPILER_APPICON_NAME = "iMessage App Icon";
				DEVELOPMENT_TEAM = 4R7S6N88W9;
				INFOPLIST_FILE = MessagesExtension/Info.plist;
				IPHONEOS_DEPLOYMENT_TARGET = 10.0;
				LD_RUNPATH_SEARCH_PATHS = "$(inherited) @executable_path/Frameworks @executable_path/../../Frameworks";
				PRODUCT_BUNDLE_IDENTIFIER = org.voisine.breadwallet.MessagesExtension;
				PRODUCT_NAME = "$(TARGET_NAME)";
				SKIP_INSTALL = YES;
				SWIFT_VERSION = 3.0;
			};
			name = Release;
		};
		75A2A8161DA5936F00A983D8 /* Debug */ = {
			isa = XCBuildConfiguration;
			buildSettings = {
				DEVELOPMENT_TEAM = 4R7S6N88W9;
				INFOPLIST_FILE = TodayExtension/Info.plist;
				LD_RUNPATH_SEARCH_PATHS = "$(inherited) @executable_path/Frameworks @executable_path/../../Frameworks";
				PRODUCT_BUNDLE_IDENTIFIER = org.voisine.breadwallet.TodayExtension;
				PRODUCT_NAME = "$(TARGET_NAME)";
				SKIP_INSTALL = YES;
				SWIFT_VERSION = 3.0;
			};
			name = Debug;
		};
		75A2A8171DA5936F00A983D8 /* Release */ = {
			isa = XCBuildConfiguration;
			buildSettings = {
				DEVELOPMENT_TEAM = 4R7S6N88W9;
				INFOPLIST_FILE = TodayExtension/Info.plist;
				LD_RUNPATH_SEARCH_PATHS = "$(inherited) @executable_path/Frameworks @executable_path/../../Frameworks";
				PRODUCT_BUNDLE_IDENTIFIER = org.voisine.breadwallet.TodayExtension;
				PRODUCT_NAME = "$(TARGET_NAME)";
				SKIP_INSTALL = YES;
				SWIFT_VERSION = 3.0;
			};
			name = Release;
		};
		75A2A8251DA5938500A983D8 /* Debug */ = {
			isa = XCBuildConfiguration;
			buildSettings = {
				DEVELOPMENT_TEAM = 4R7S6N88W9;
				INFOPLIST_FILE = NotificationServiceExtension/Info.plist;
				IPHONEOS_DEPLOYMENT_TARGET = 10.0;
				LD_RUNPATH_SEARCH_PATHS = "$(inherited) @executable_path/Frameworks @executable_path/../../Frameworks";
				PRODUCT_BUNDLE_IDENTIFIER = org.voisine.breadwallet.NotificationServiceExtension;
				PRODUCT_NAME = "$(TARGET_NAME)";
				SKIP_INSTALL = YES;
				SWIFT_VERSION = 3.0;
			};
			name = Debug;
		};
		75A2A8261DA5938500A983D8 /* Release */ = {
			isa = XCBuildConfiguration;
			buildSettings = {
				DEVELOPMENT_TEAM = 4R7S6N88W9;
				INFOPLIST_FILE = NotificationServiceExtension/Info.plist;
				IPHONEOS_DEPLOYMENT_TARGET = 10.0;
				LD_RUNPATH_SEARCH_PATHS = "$(inherited) @executable_path/Frameworks @executable_path/../../Frameworks";
				PRODUCT_BUNDLE_IDENTIFIER = org.voisine.breadwallet.NotificationServiceExtension;
				PRODUCT_NAME = "$(TARGET_NAME)";
				SKIP_INSTALL = YES;
				SWIFT_VERSION = 3.0;
			};
			name = Release;
		};
/* End XCBuildConfiguration section */

/* Begin XCConfigurationList section */
		75A2A78B1DA5934300A983D8 /* Build configuration list for PBXProject "breadwallet" */ = {
			isa = XCConfigurationList;
			buildConfigurations = (
				75A2A7D91DA5934400A983D8 /* Debug */,
				75A2A7DA1DA5934400A983D8 /* Release */,
			);
			defaultConfigurationIsVisible = 0;
			defaultConfigurationName = Release;
		};
		75A2A7DB1DA5934400A983D8 /* Build configuration list for PBXNativeTarget "breadwallet WatchKit Extension" */ = {
			isa = XCConfigurationList;
			buildConfigurations = (
				75A2A7DC1DA5934400A983D8 /* Debug */,
				75A2A7DD1DA5934400A983D8 /* Release */,
			);
			defaultConfigurationIsVisible = 0;
			defaultConfigurationName = Release;
		};
		75A2A7DF1DA5934400A983D8 /* Build configuration list for PBXNativeTarget "breadwallet WatchKit App" */ = {
			isa = XCConfigurationList;
			buildConfigurations = (
				75A2A7E01DA5934400A983D8 /* Debug */,
				75A2A7E11DA5934400A983D8 /* Release */,
			);
			defaultConfigurationIsVisible = 0;
			defaultConfigurationName = Release;
		};
		75A2A7E31DA5934400A983D8 /* Build configuration list for PBXNativeTarget "breadwallet" */ = {
			isa = XCConfigurationList;
			buildConfigurations = (
				75A2A7E41DA5934400A983D8 /* Debug */,
				75A2A7E51DA5934400A983D8 /* Release */,
			);
			defaultConfigurationIsVisible = 0;
			defaultConfigurationName = Release;
		};
		75A2A7E61DA5934400A983D8 /* Build configuration list for PBXNativeTarget "breadwalletTests" */ = {
			isa = XCConfigurationList;
			buildConfigurations = (
				75A2A7E71DA5934400A983D8 /* Debug */,
				75A2A7E81DA5934400A983D8 /* Release */,
			);
			defaultConfigurationIsVisible = 0;
			defaultConfigurationName = Release;
		};
		75A2A7E91DA5934400A983D8 /* Build configuration list for PBXNativeTarget "breadwalletUITests" */ = {
			isa = XCConfigurationList;
			buildConfigurations = (
				75A2A7EA1DA5934400A983D8 /* Debug */,
				75A2A7EB1DA5934400A983D8 /* Release */,
			);
			defaultConfigurationIsVisible = 0;
			defaultConfigurationName = Release;
		};
		75A2A8001DA5935F00A983D8 /* Build configuration list for PBXNativeTarget "MessagesExtension" */ = {
			isa = XCConfigurationList;
			buildConfigurations = (
				75A2A8011DA5935F00A983D8 /* Debug */,
				75A2A8021DA5935F00A983D8 /* Release */,
			);
			defaultConfigurationIsVisible = 0;
			defaultConfigurationName = Release;
		};
		75A2A8151DA5936F00A983D8 /* Build configuration list for PBXNativeTarget "TodayExtension" */ = {
			isa = XCConfigurationList;
			buildConfigurations = (
				75A2A8161DA5936F00A983D8 /* Debug */,
				75A2A8171DA5936F00A983D8 /* Release */,
			);
			defaultConfigurationIsVisible = 0;
			defaultConfigurationName = Release;
		};
		75A2A8241DA5938500A983D8 /* Build configuration list for PBXNativeTarget "NotificationServiceExtension" */ = {
			isa = XCConfigurationList;
			buildConfigurations = (
				75A2A8251DA5938500A983D8 /* Debug */,
				75A2A8261DA5938500A983D8 /* Release */,
			);
			defaultConfigurationIsVisible = 0;
			defaultConfigurationName = Release;
		};
/* End XCConfigurationList section */
	};
	rootObject = 75A2A7881DA5934300A983D8 /* Project object */;
}
